// !$*UTF8*$!
{
	archiveVersion = 1;
	classes = {
	};
	objectVersion = 46;
	objects = {

/* Begin PBXBuildFile section */
		0105C5E9122F222B001B650B /* Document.m in Sources */ = {isa = PBXBuildFile; fileRef = 0105C5E8122F222B001B650B /* Document.m */; };
		0105C5F8122F24DA001B650B /* PhysicsObject.m in Sources */ = {isa = PBXBuildFile; fileRef = 0105C5F7122F24DA001B650B /* PhysicsObject.m */; };
		0105C5FB122F24E6001B650B /* PhysicsGroup.m in Sources */ = {isa = PBXBuildFile; fileRef = 0105C5FA122F24E6001B650B /* PhysicsGroup.m */; };
		0105C606122F265C001B650B /* GCb2Circle.m in Sources */ = {isa = PBXBuildFile; fileRef = 0105C605122F265C001B650B /* GCb2Circle.m */; };
		0105C641122F2DF9001B650B /* PhysicsGrid.m in Sources */ = {isa = PBXBuildFile; fileRef = 0105C640122F2DF9001B650B /* PhysicsGrid.m */; };
		011BBE3D1263F8E80055B4CE /* GridDrawObject.m in Sources */ = {isa = PBXBuildFile; fileRef = 011BBE3C1263F8E80055B4CE /* GridDrawObject.m */; };
		011BC10C12654C940055B4CE /* TrackingArea.m in Sources */ = {isa = PBXBuildFile; fileRef = 011BC10B12654C940055B4CE /* TrackingArea.m */; };
		0124F95B1239B4C700752810 /* SKTFoundationExtras.m in Sources */ = {isa = PBXBuildFile; fileRef = 0124F95A1239B4C700752810 /* SKTFoundationExtras.m */; };
		0131303C123F03D30061B4EF /* GCb2Rect.m in Sources */ = {isa = PBXBuildFile; fileRef = 0131303B123F03D30061B4EF /* GCb2Rect.m */; };
		01443D8E123080EE00D42BB8 /* FrameworkManager.m in Sources */ = {isa = PBXBuildFile; fileRef = 01443D8D123080EE00D42BB8 /* FrameworkManager.m */; };
		01443D91123081C400D42BB8 /* Box2dFramework.m in Sources */ = {isa = PBXBuildFile; fileRef = 01443D90123081C400D42BB8 /* Box2dFramework.m */; };
		0167C0291257DB0C00CD1F35 /* BWToolkitFramework.framework in CopyFiles */ = {isa = PBXBuildFile; fileRef = 0167C0281257DB0C00CD1F35 /* BWToolkitFramework.framework */; };
		01692583125D4ED90010CE55 /* PropertyCell.xib in Resources */ = {isa = PBXBuildFile; fileRef = 01692582125D4ED90010CE55 /* PropertyCell.xib */; };
		01692597125EA0C80010CE55 /* MainWindow.xib in Resources */ = {isa = PBXBuildFile; fileRef = 01692596125EA0C80010CE55 /* MainWindow.xib */; };
		016925D1125EA30B0010CE55 /* MyWindowController.m in Sources */ = {isa = PBXBuildFile; fileRef = 016925D0125EA30B0010CE55 /* MyWindowController.m */; };
		016925D9125EA5F50010CE55 /* Quartz.framework in Frameworks */ = {isa = PBXBuildFile; fileRef = 016925D8125EA5F50010CE55 /* Quartz.framework */; };
		016925DF125EA75A0010CE55 /* TreeController.m in Sources */ = {isa = PBXBuildFile; fileRef = 016925DE125EA75A0010CE55 /* TreeController.m */; };
		016925E3125EA7F40010CE55 /* TreeOutlineView.xib in Resources */ = {isa = PBXBuildFile; fileRef = 016925E2125EA7F40010CE55 /* TreeOutlineView.xib */; };
		0170FA751227494700E80355 /* NSArray_Extensions.m in Sources */ = {isa = PBXBuildFile; fileRef = 0170FA741227494700E80355 /* NSArray_Extensions.m */; };
		0170FAE912274F9A00E80355 /* GCb2Types.m in Sources */ = {isa = PBXBuildFile; fileRef = 0170FAE812274F9A00E80355 /* GCb2Types.m */; };
		0170FAEB122751D300E80355 /* GCb2Types.plist in Resources */ = {isa = PBXBuildFile; fileRef = 0170FAEA122751D300E80355 /* GCb2Types.plist */; };
		0184C372122736D8002055E0 /* MyWindowController2.m in Sources */ = {isa = PBXBuildFile; fileRef = 0184C371122736D8002055E0 /* MyWindowController2.m */; };
		0184C39812273E46002055E0 /* BaseNode.m in Sources */ = {isa = PBXBuildFile; fileRef = 0184C39512273E46002055E0 /* BaseNode.m */; };
		0184C39912273E46002055E0 /* ChildNode.m in Sources */ = {isa = PBXBuildFile; fileRef = 0184C39612273E46002055E0 /* ChildNode.m */; };
		0187BF391229B7F90020BFC9 /* Outline.dict in Resources */ = {isa = PBXBuildFile; fileRef = 0187BF381229B7F90020BFC9 /* Outline.dict */; };
		0187BF4F1229BB3E0020BFC9 /* ImageAndTextCell.m in Sources */ = {isa = PBXBuildFile; fileRef = 0187BF4C1229BB3E0020BFC9 /* ImageAndTextCell.m */; };
		0187BF501229BB3E0020BFC9 /* SeparatorCell.m in Sources */ = {isa = PBXBuildFile; fileRef = 0187BF4E1229BB3E0020BFC9 /* SeparatorCell.m */; };
		0187C1C8122B40BA0020BFC9 /* BaseGridView.m in Sources */ = {isa = PBXBuildFile; fileRef = 0187C1C7122B40BA0020BFC9 /* BaseGridView.m */; };
		01946E87125A9F5300E5CAB0 /* FrameworkDefinition.m in Sources */ = {isa = PBXBuildFile; fileRef = 01946E86125A9F5300E5CAB0 /* FrameworkDefinition.m */; };
		01946E8C125A9F8100E5CAB0 /* FrameworkClass.m in Sources */ = {isa = PBXBuildFile; fileRef = 01946E8B125A9F8100E5CAB0 /* FrameworkClass.m */; };
		01A1F8841235C5C20067B1F9 /* GridLayer.m in Sources */ = {isa = PBXBuildFile; fileRef = 01A1F8831235C5C20067B1F9 /* GridLayer.m */; };
		01A1F8921235C6180067B1F9 /* QuartzCore.framework in Frameworks */ = {isa = PBXBuildFile; fileRef = 01A1F8911235C6180067B1F9 /* QuartzCore.framework */; };
		01A1FADA1235D8030067B1F9 /* RulerLayer.m in Sources */ = {isa = PBXBuildFile; fileRef = 01A1FAD91235D8030067B1F9 /* RulerLayer.m */; };
		01B141991258D93400E244E1 /* Properties.xib in Resources */ = {isa = PBXBuildFile; fileRef = 01B141981258D93400E244E1 /* Properties.xib */; };
		01BF71A912623B7F001BB5F5 /* GCTabController.m in Sources */ = {isa = PBXBuildFile; fileRef = 01BF71A812623B7F001BB5F5 /* GCTabController.m */; };
		1DDD58160DA1D0A300B32029 /* MainMenu.xib in Resources */ = {isa = PBXBuildFile; fileRef = 1DDD58140DA1D0A300B32029 /* MainMenu.xib */; };
		256AC3DA0F4B6AC300CF3369 /* GraphicsCocos2dAppDelegate.m in Sources */ = {isa = PBXBuildFile; fileRef = 256AC3D90F4B6AC300CF3369 /* GraphicsCocos2dAppDelegate.m */; };
		8D11072B0486CEB800E47090 /* InfoPlist.strings in Resources */ = {isa = PBXBuildFile; fileRef = 089C165CFE840E0CC02AAC07 /* InfoPlist.strings */; };
		8D11072D0486CEB800E47090 /* main.m in Sources */ = {isa = PBXBuildFile; fileRef = 29B97316FDCFA39411CA2CEA /* main.m */; settings = {ATTRIBUTES = (); }; };
		8D11072F0486CEB800E47090 /* Cocoa.framework in Frameworks */ = {isa = PBXBuildFile; fileRef = 1058C7A1FEA54F0111CA2CBB /* Cocoa.framework */; };
/* End PBXBuildFile section */

/* Begin PBXCopyFilesBuildPhase section */
		0167C0611257DB3300CD1F35 /* CopyFiles */ = {
			isa = PBXCopyFilesBuildPhase;
			buildActionMask = 2147483647;
			dstPath = "";
			dstSubfolderSpec = 7;
			files = (
				0167C0291257DB0C00CD1F35 /* BWToolkitFramework.framework in CopyFiles */,
			);
			runOnlyForDeploymentPostprocessing = 0;
		};
/* End PBXCopyFilesBuildPhase section */

/* Begin PBXFileReference section */
		0105C5E7122F222B001B650B /* Document.h */ = {isa = PBXFileReference; fileEncoding = 4; lastKnownFileType = sourcecode.c.h; path = Document.h; sourceTree = "<group>"; };
		0105C5E8122F222B001B650B /* Document.m */ = {isa = PBXFileReference; fileEncoding = 4; lastKnownFileType = sourcecode.c.objc; path = Document.m; sourceTree = "<group>"; };
		0105C5F6122F24DA001B650B /* PhysicsObject.h */ = {isa = PBXFileReference; fileEncoding = 4; lastKnownFileType = sourcecode.c.h; path = PhysicsObject.h; sourceTree = "<group>"; };
		0105C5F7122F24DA001B650B /* PhysicsObject.m */ = {isa = PBXFileReference; fileEncoding = 4; lastKnownFileType = sourcecode.c.objc; path = PhysicsObject.m; sourceTree = "<group>"; };
		0105C5F9122F24E6001B650B /* PhysicsGroup.h */ = {isa = PBXFileReference; fileEncoding = 4; lastKnownFileType = sourcecode.c.h; path = PhysicsGroup.h; sourceTree = "<group>"; };
		0105C5FA122F24E6001B650B /* PhysicsGroup.m */ = {isa = PBXFileReference; fileEncoding = 4; lastKnownFileType = sourcecode.c.objc; path = PhysicsGroup.m; sourceTree = "<group>"; };
		0105C604122F265C001B650B /* GCb2Circle.h */ = {isa = PBXFileReference; fileEncoding = 4; lastKnownFileType = sourcecode.c.h; path = GCb2Circle.h; sourceTree = "<group>"; };
		0105C605122F265C001B650B /* GCb2Circle.m */ = {isa = PBXFileReference; fileEncoding = 4; lastKnownFileType = sourcecode.c.objc; path = GCb2Circle.m; sourceTree = "<group>"; };
		0105C63F122F2DF9001B650B /* PhysicsGrid.h */ = {isa = PBXFileReference; fileEncoding = 4; lastKnownFileType = sourcecode.c.h; path = PhysicsGrid.h; sourceTree = "<group>"; };
		0105C640122F2DF9001B650B /* PhysicsGrid.m */ = {isa = PBXFileReference; fileEncoding = 4; lastKnownFileType = sourcecode.c.objc; path = PhysicsGrid.m; sourceTree = "<group>"; };
		011BBE3B1263F8E80055B4CE /* GridDrawObject.h */ = {isa = PBXFileReference; fileEncoding = 4; lastKnownFileType = sourcecode.c.h; path = GridDrawObject.h; sourceTree = "<group>"; };
		011BBE3C1263F8E80055B4CE /* GridDrawObject.m */ = {isa = PBXFileReference; fileEncoding = 4; lastKnownFileType = sourcecode.c.objc; path = GridDrawObject.m; sourceTree = "<group>"; };
		011BC10A12654C940055B4CE /* TrackingArea.h */ = {isa = PBXFileReference; fileEncoding = 4; lastKnownFileType = sourcecode.c.h; path = TrackingArea.h; sourceTree = "<group>"; };
		011BC10B12654C940055B4CE /* TrackingArea.m */ = {isa = PBXFileReference; fileEncoding = 4; lastKnownFileType = sourcecode.c.objc; path = TrackingArea.m; sourceTree = "<group>"; };
		0124F9591239B4C700752810 /* SKTFoundationExtras.h */ = {isa = PBXFileReference; fileEncoding = 4; lastKnownFileType = sourcecode.c.h; path = SKTFoundationExtras.h; sourceTree = "<group>"; };
		0124F95A1239B4C700752810 /* SKTFoundationExtras.m */ = {isa = PBXFileReference; fileEncoding = 4; lastKnownFileType = sourcecode.c.objc; path = SKTFoundationExtras.m; sourceTree = "<group>"; };
		0131303A123F03D30061B4EF /* GCb2Rect.h */ = {isa = PBXFileReference; fileEncoding = 4; lastKnownFileType = sourcecode.c.h; path = GCb2Rect.h; sourceTree = "<group>"; };
		0131303B123F03D30061B4EF /* GCb2Rect.m */ = {isa = PBXFileReference; fileEncoding = 4; lastKnownFileType = sourcecode.c.objc; path = GCb2Rect.m; sourceTree = "<group>"; };
		01443D8C123080EE00D42BB8 /* FrameworkManager.h */ = {isa = PBXFileReference; fileEncoding = 4; lastKnownFileType = sourcecode.c.h; path = FrameworkManager.h; sourceTree = "<group>"; };
		01443D8D123080EE00D42BB8 /* FrameworkManager.m */ = {isa = PBXFileReference; fileEncoding = 4; lastKnownFileType = sourcecode.c.objc; path = FrameworkManager.m; sourceTree = "<group>"; };
		01443D8F123081C400D42BB8 /* Box2dFramework.h */ = {isa = PBXFileReference; fileEncoding = 4; lastKnownFileType = sourcecode.c.h; path = Box2dFramework.h; sourceTree = "<group>"; };
		01443D90123081C400D42BB8 /* Box2dFramework.m */ = {isa = PBXFileReference; fileEncoding = 4; lastKnownFileType = sourcecode.c.objc; path = Box2dFramework.m; sourceTree = "<group>"; };
		0167C0281257DB0C00CD1F35 /* BWToolkitFramework.framework */ = {isa = PBXFileReference; lastKnownFileType = wrapper.framework; name = BWToolkitFramework.framework; path = /Users/jonathanfontanez/Development/BWToolkit/BWToolkitFramework.framework; sourceTree = "<absolute>"; };
		01692582125D4ED90010CE55 /* PropertyCell.xib */ = {isa = PBXFileReference; lastKnownFileType = file.xib; path = PropertyCell.xib; sourceTree = "<group>"; };
		01692596125EA0C80010CE55 /* MainWindow.xib */ = {isa = PBXFileReference; lastKnownFileType = file.xib; path = MainWindow.xib; sourceTree = "<group>"; };
		016925CF125EA30B0010CE55 /* MyWindowController.h */ = {isa = PBXFileReference; fileEncoding = 4; lastKnownFileType = sourcecode.c.h; path = MyWindowController.h; sourceTree = "<group>"; };
		016925D0125EA30B0010CE55 /* MyWindowController.m */ = {isa = PBXFileReference; fileEncoding = 4; lastKnownFileType = sourcecode.c.objc; path = MyWindowController.m; sourceTree = "<group>"; };
		016925D8125EA5F50010CE55 /* Quartz.framework */ = {isa = PBXFileReference; lastKnownFileType = wrapper.framework; name = Quartz.framework; path = System/Library/Frameworks/Quartz.framework; sourceTree = SDKROOT; };
		016925DD125EA75A0010CE55 /* TreeController.h */ = {isa = PBXFileReference; fileEncoding = 4; lastKnownFileType = sourcecode.c.h; path = TreeController.h; sourceTree = "<group>"; };
		016925DE125EA75A0010CE55 /* TreeController.m */ = {isa = PBXFileReference; fileEncoding = 4; lastKnownFileType = sourcecode.c.objc; path = TreeController.m; sourceTree = "<group>"; };
		016925E2125EA7F40010CE55 /* TreeOutlineView.xib */ = {isa = PBXFileReference; lastKnownFileType = file.xib; path = TreeOutlineView.xib; sourceTree = "<group>"; };
		0170FA731227494700E80355 /* NSArray_Extensions.h */ = {isa = PBXFileReference; fileEncoding = 4; lastKnownFileType = sourcecode.c.h; path = NSArray_Extensions.h; sourceTree = "<group>"; };
		0170FA741227494700E80355 /* NSArray_Extensions.m */ = {isa = PBXFileReference; fileEncoding = 4; lastKnownFileType = sourcecode.c.objc; path = NSArray_Extensions.m; sourceTree = "<group>"; };
		0170FAE712274F9A00E80355 /* GCb2Types.h */ = {isa = PBXFileReference; fileEncoding = 4; lastKnownFileType = sourcecode.c.h; path = GCb2Types.h; sourceTree = "<group>"; };
		0170FAE812274F9A00E80355 /* GCb2Types.m */ = {isa = PBXFileReference; fileEncoding = 4; lastKnownFileType = sourcecode.c.objc; path = GCb2Types.m; sourceTree = "<group>"; };
		0170FAEA122751D300E80355 /* GCb2Types.plist */ = {isa = PBXFileReference; fileEncoding = 4; lastKnownFileType = text.plist.xml; path = GCb2Types.plist; sourceTree = "<group>"; };
		0184C370122736D8002055E0 /* MyWindowController2.h */ = {isa = PBXFileReference; fileEncoding = 4; lastKnownFileType = sourcecode.c.h; path = MyWindowController2.h; sourceTree = "<group>"; };
		0184C371122736D8002055E0 /* MyWindowController2.m */ = {isa = PBXFileReference; fileEncoding = 4; lastKnownFileType = sourcecode.c.objc; path = MyWindowController2.m; sourceTree = "<group>"; };
		0184C39412273E46002055E0 /* BaseNode.h */ = {isa = PBXFileReference; fileEncoding = 4; lastKnownFileType = sourcecode.c.h; path = BaseNode.h; sourceTree = "<group>"; };
		0184C39512273E46002055E0 /* BaseNode.m */ = {isa = PBXFileReference; fileEncoding = 4; lastKnownFileType = sourcecode.c.objc; path = BaseNode.m; sourceTree = "<group>"; };
		0184C39612273E46002055E0 /* ChildNode.m */ = {isa = PBXFileReference; fileEncoding = 4; lastKnownFileType = sourcecode.c.objc; path = ChildNode.m; sourceTree = "<group>"; };
		0184C39712273E46002055E0 /* ChildNode.h */ = {isa = PBXFileReference; fileEncoding = 4; lastKnownFileType = sourcecode.c.h; path = ChildNode.h; sourceTree = "<group>"; };
		0184C39B12273ED0002055E0 /* Physics.h */ = {isa = PBXFileReference; fileEncoding = 4; lastKnownFileType = sourcecode.c.h; path = Physics.h; sourceTree = "<group>"; };
		0187BF381229B7F90020BFC9 /* Outline.dict */ = {isa = PBXFileReference; fileEncoding = 4; lastKnownFileType = text.plist.xml; path = Outline.dict; sourceTree = "<group>"; };
		0187BF4B1229BB3E0020BFC9 /* ImageAndTextCell.h */ = {isa = PBXFileReference; fileEncoding = 4; lastKnownFileType = sourcecode.c.h; path = ImageAndTextCell.h; sourceTree = "<group>"; };
		0187BF4C1229BB3E0020BFC9 /* ImageAndTextCell.m */ = {isa = PBXFileReference; fileEncoding = 4; lastKnownFileType = sourcecode.c.objc; path = ImageAndTextCell.m; sourceTree = "<group>"; };
		0187BF4D1229BB3E0020BFC9 /* SeparatorCell.h */ = {isa = PBXFileReference; fileEncoding = 4; lastKnownFileType = sourcecode.c.h; path = SeparatorCell.h; sourceTree = "<group>"; };
		0187BF4E1229BB3E0020BFC9 /* SeparatorCell.m */ = {isa = PBXFileReference; fileEncoding = 4; lastKnownFileType = sourcecode.c.objc; path = SeparatorCell.m; sourceTree = "<group>"; };
		0187C1C6122B40BA0020BFC9 /* BaseGridView.h */ = {isa = PBXFileReference; fileEncoding = 4; lastKnownFileType = sourcecode.c.h; path = BaseGridView.h; sourceTree = "<group>"; };
		0187C1C7122B40BA0020BFC9 /* BaseGridView.m */ = {isa = PBXFileReference; fileEncoding = 4; lastKnownFileType = sourcecode.c.objc; path = BaseGridView.m; sourceTree = "<group>"; };
		01946E85125A9F5300E5CAB0 /* FrameworkDefinition.h */ = {isa = PBXFileReference; fileEncoding = 4; lastKnownFileType = sourcecode.c.h; path = FrameworkDefinition.h; sourceTree = "<group>"; };
		01946E86125A9F5300E5CAB0 /* FrameworkDefinition.m */ = {isa = PBXFileReference; fileEncoding = 4; lastKnownFileType = sourcecode.c.objc; path = FrameworkDefinition.m; sourceTree = "<group>"; };
		01946E8A125A9F8100E5CAB0 /* FrameworkClass.h */ = {isa = PBXFileReference; fileEncoding = 4; lastKnownFileType = sourcecode.c.h; path = FrameworkClass.h; sourceTree = "<group>"; };
		01946E8B125A9F8100E5CAB0 /* FrameworkClass.m */ = {isa = PBXFileReference; fileEncoding = 4; lastKnownFileType = sourcecode.c.objc; path = FrameworkClass.m; sourceTree = "<group>"; };
		01A1F8821235C5C20067B1F9 /* GridLayer.h */ = {isa = PBXFileReference; fileEncoding = 4; lastKnownFileType = sourcecode.c.h; path = GridLayer.h; sourceTree = "<group>"; };
		01A1F8831235C5C20067B1F9 /* GridLayer.m */ = {isa = PBXFileReference; fileEncoding = 4; lastKnownFileType = sourcecode.c.objc; path = GridLayer.m; sourceTree = "<group>"; };
		01A1F8911235C6180067B1F9 /* QuartzCore.framework */ = {isa = PBXFileReference; lastKnownFileType = wrapper.framework; name = QuartzCore.framework; path = System/Library/Frameworks/QuartzCore.framework; sourceTree = SDKROOT; };
		01A1FAD81235D8030067B1F9 /* RulerLayer.h */ = {isa = PBXFileReference; fileEncoding = 4; lastKnownFileType = sourcecode.c.h; path = RulerLayer.h; sourceTree = "<group>"; };
		01A1FAD91235D8030067B1F9 /* RulerLayer.m */ = {isa = PBXFileReference; fileEncoding = 4; lastKnownFileType = sourcecode.c.objc; path = RulerLayer.m; sourceTree = "<group>"; };
		01B141981258D93400E244E1 /* Properties.xib */ = {isa = PBXFileReference; lastKnownFileType = file.xib; path = Properties.xib; sourceTree = "<group>"; };
		01BF71A712623B7F001BB5F5 /* GCTabController.h */ = {isa = PBXFileReference; fileEncoding = 4; lastKnownFileType = sourcecode.c.h; path = GCTabController.h; sourceTree = "<group>"; };
		01BF71A812623B7F001BB5F5 /* GCTabController.m */ = {isa = PBXFileReference; fileEncoding = 4; lastKnownFileType = sourcecode.c.objc; path = GCTabController.m; sourceTree = "<group>"; };
		089C165DFE840E0CC02AAC07 /* English */ = {isa = PBXFileReference; fileEncoding = 4; lastKnownFileType = text.plist.strings; name = English; path = English.lproj/InfoPlist.strings; sourceTree = "<group>"; };
		1058C7A1FEA54F0111CA2CBB /* Cocoa.framework */ = {isa = PBXFileReference; lastKnownFileType = wrapper.framework; name = Cocoa.framework; path = /System/Library/Frameworks/Cocoa.framework; sourceTree = "<absolute>"; };
		13E42FB307B3F0F600E4EEF1 /* CoreData.framework */ = {isa = PBXFileReference; lastKnownFileType = wrapper.framework; name = CoreData.framework; path = /System/Library/Frameworks/CoreData.framework; sourceTree = "<absolute>"; };
		1DDD58150DA1D0A300B32029 /* English */ = {isa = PBXFileReference; lastKnownFileType = file.xib; name = English; path = English.lproj/MainMenu.xib; sourceTree = "<group>"; };
		256AC3D80F4B6AC300CF3369 /* GraphicsCocos2dAppDelegate.h */ = {isa = PBXFileReference; fileEncoding = 4; lastKnownFileType = sourcecode.c.h; path = GraphicsCocos2dAppDelegate.h; sourceTree = "<group>"; };
		256AC3D90F4B6AC300CF3369 /* GraphicsCocos2dAppDelegate.m */ = {isa = PBXFileReference; fileEncoding = 4; lastKnownFileType = sourcecode.c.objc; path = GraphicsCocos2dAppDelegate.m; sourceTree = "<group>"; };
		256AC3F00F4B6AF500CF3369 /* GraphicsCocos2d_Prefix.pch */ = {isa = PBXFileReference; fileEncoding = 4; lastKnownFileType = sourcecode.c.h; path = GraphicsCocos2d_Prefix.pch; sourceTree = "<group>"; };
		29B97316FDCFA39411CA2CEA /* main.m */ = {isa = PBXFileReference; fileEncoding = 4; lastKnownFileType = sourcecode.c.objc; path = main.m; sourceTree = "<group>"; };
		29B97324FDCFA39411CA2CEA /* AppKit.framework */ = {isa = PBXFileReference; lastKnownFileType = wrapper.framework; name = AppKit.framework; path = /System/Library/Frameworks/AppKit.framework; sourceTree = "<absolute>"; };
		29B97325FDCFA39411CA2CEA /* Foundation.framework */ = {isa = PBXFileReference; lastKnownFileType = wrapper.framework; name = Foundation.framework; path = /System/Library/Frameworks/Foundation.framework; sourceTree = "<absolute>"; };
		8D1107310486CEB800E47090 /* GraphicsCocos2d-Info.plist */ = {isa = PBXFileReference; fileEncoding = 4; lastKnownFileType = text.plist.xml; path = "GraphicsCocos2d-Info.plist"; sourceTree = "<group>"; };
		8D1107320486CEB800E47090 /* GraphicsCocos2d.app */ = {isa = PBXFileReference; explicitFileType = wrapper.application; includeInIndex = 0; path = GraphicsCocos2d.app; sourceTree = BUILT_PRODUCTS_DIR; };
/* End PBXFileReference section */

/* Begin PBXFrameworksBuildPhase section */
		8D11072E0486CEB800E47090 /* Frameworks */ = {
			isa = PBXFrameworksBuildPhase;
			buildActionMask = 2147483647;
			files = (
				8D11072F0486CEB800E47090 /* Cocoa.framework in Frameworks */,
				01A1F8921235C6180067B1F9 /* QuartzCore.framework in Frameworks */,
				016925D9125EA5F50010CE55 /* Quartz.framework in Frameworks */,
			);
			runOnlyForDeploymentPostprocessing = 0;
		};
/* End PBXFrameworksBuildPhase section */

/* Begin PBXGroup section */
		0105C5E5122F2207001B650B /* Model */ = {
			isa = PBXGroup;
			children = (
				0184C39A12273EB2002055E0 /* Physics */,
				0105C5E6122F2210001B650B /* Documents */,
			);
			name = Model;
			sourceTree = "<group>";
		};
		0105C5E6122F2210001B650B /* Documents */ = {
			isa = PBXGroup;
			children = (
				0105C5E7122F222B001B650B /* Document.h */,
				0105C5E8122F222B001B650B /* Document.m */,
			);
			name = Documents;
			sourceTree = "<group>";
		};
		011BBE3A1263F84C0055B4CE /* WorkspaceGrid */ = {
			isa = PBXGroup;
			children = (
				011BC10612654C3F0055B4CE /* Layers */,
				0187C1C6122B40BA0020BFC9 /* BaseGridView.h */,
				0187C1C7122B40BA0020BFC9 /* BaseGridView.m */,
				0105C63F122F2DF9001B650B /* PhysicsGrid.h */,
				0105C640122F2DF9001B650B /* PhysicsGrid.m */,
			);
			name = WorkspaceGrid;
			sourceTree = "<group>";
		};
		011BC10612654C3F0055B4CE /* Layers */ = {
			isa = PBXGroup;
			children = (
				01A1F8821235C5C20067B1F9 /* GridLayer.h */,
				01A1F8831235C5C20067B1F9 /* GridLayer.m */,
				01A1FAD81235D8030067B1F9 /* RulerLayer.h */,
				01A1FAD91235D8030067B1F9 /* RulerLayer.m */,
				011BBE3B1263F8E80055B4CE /* GridDrawObject.h */,
				011BBE3C1263F8E80055B4CE /* GridDrawObject.m */,
				011BC10A12654C940055B4CE /* TrackingArea.h */,
				011BC10B12654C940055B4CE /* TrackingArea.m */,
			);
			name = Layers;
			sourceTree = "<group>";
		};
		0124F95D1239B4DA00752810 /* Utils */ = {
			isa = PBXGroup;
			children = (
				0170FA731227494700E80355 /* NSArray_Extensions.h */,
				0170FA741227494700E80355 /* NSArray_Extensions.m */,
				0124F95E1239B4E600752810 /* SKT */,
			);
			name = Utils;
			sourceTree = "<group>";
		};
		0124F95E1239B4E600752810 /* SKT */ = {
			isa = PBXGroup;
			children = (
				0124F9591239B4C700752810 /* SKTFoundationExtras.h */,
				0124F95A1239B4C700752810 /* SKTFoundationExtras.m */,
			);
			name = SKT;
			sourceTree = "<group>";
		};
		014E85B812370BFF00DC51EF /* Common */ = {
			isa = PBXGroup;
			children = (
				0170FAE712274F9A00E80355 /* GCb2Types.h */,
				0170FAE812274F9A00E80355 /* GCb2Types.m */,
				0170FAEA122751D300E80355 /* GCb2Types.plist */,
				01443D8F123081C400D42BB8 /* Box2dFramework.h */,
				01443D90123081C400D42BB8 /* Box2dFramework.m */,
			);
			name = Common;
			sourceTree = "<group>";
		};
		0170FACF12274EA000E80355 /* Box2d */ = {
			isa = PBXGroup;
			children = (
				014E85B812370BFF00DC51EF /* Common */,
				0170FAD012274EA800E80355 /* Shapes */,
			);
			name = Box2d;
			sourceTree = "<group>";
		};
		0170FAD012274EA800E80355 /* Shapes */ = {
			isa = PBXGroup;
			children = (
				0105C604122F265C001B650B /* GCb2Circle.h */,
				0105C605122F265C001B650B /* GCb2Circle.m */,
				0131303A123F03D30061B4EF /* GCb2Rect.h */,
				0131303B123F03D30061B4EF /* GCb2Rect.m */,
			);
			name = Shapes;
			sourceTree = "<group>";
		};
		0184C384122738BD002055E0 /* MainWindowControllers */ = {
			isa = PBXGroup;
			children = (
				0184C370122736D8002055E0 /* MyWindowController2.h */,
				0184C371122736D8002055E0 /* MyWindowController2.m */,
			);
			name = MainWindowControllers;
			sourceTree = "<group>";
		};
		0184C39312273E46002055E0 /* Tree Support */ = {
			isa = PBXGroup;
			children = (
				0184C39412273E46002055E0 /* BaseNode.h */,
				0184C39512273E46002055E0 /* BaseNode.m */,
				0184C39712273E46002055E0 /* ChildNode.h */,
				0184C39612273E46002055E0 /* ChildNode.m */,
			);
			name = "Tree Support";
			sourceTree = "<group>";
		};
		0184C39A12273EB2002055E0 /* Physics */ = {
			isa = PBXGroup;
			children = (
				01946E89125A9F6E00E5CAB0 /* Framework */,
				0170FACF12274EA000E80355 /* Box2d */,
				0184C39B12273ED0002055E0 /* Physics.h */,
				0105C5F6122F24DA001B650B /* PhysicsObject.h */,
				0105C5F7122F24DA001B650B /* PhysicsObject.m */,
				0105C5F9122F24E6001B650B /* PhysicsGroup.h */,
				0105C5FA122F24E6001B650B /* PhysicsGroup.m */,
			);
			name = Physics;
			sourceTree = "<group>";
		};
		0187BF4A1229BB3E0020BFC9 /* Cell Support */ = {
			isa = PBXGroup;
			children = (
				0187BF4B1229BB3E0020BFC9 /* ImageAndTextCell.h */,
				0187BF4C1229BB3E0020BFC9 /* ImageAndTextCell.m */,
				0187BF4D1229BB3E0020BFC9 /* SeparatorCell.h */,
				0187BF4E1229BB3E0020BFC9 /* SeparatorCell.m */,
			);
			name = "Cell Support";
			sourceTree = "<group>";
		};
		0187C1C3122B40830020BFC9 /* Views */ = {
			isa = PBXGroup;
			children = (
				011BBE3A1263F84C0055B4CE /* WorkspaceGrid */,
				0187BF4A1229BB3E0020BFC9 /* Cell Support */,
				0184C39312273E46002055E0 /* Tree Support */,
			);
			name = Views;
			sourceTree = "<group>";
		};
		01946E89125A9F6E00E5CAB0 /* Framework */ = {
			isa = PBXGroup;
			children = (
				01443D8C123080EE00D42BB8 /* FrameworkManager.h */,
				01443D8D123080EE00D42BB8 /* FrameworkManager.m */,
				01946E85125A9F5300E5CAB0 /* FrameworkDefinition.h */,
				01946E86125A9F5300E5CAB0 /* FrameworkDefinition.m */,
				01946E8A125A9F8100E5CAB0 /* FrameworkClass.h */,
				01946E8B125A9F8100E5CAB0 /* FrameworkClass.m */,
			);
			name = Framework;
			sourceTree = "<group>";
		};
		01B141A61258DB6600E244E1 /* Controllers */ = {
			isa = PBXGroup;
			children = (
				0184C384122738BD002055E0 /* MainWindowControllers */,
				01BF71A712623B7F001BB5F5 /* GCTabController.h */,
				01BF71A812623B7F001BB5F5 /* GCTabController.m */,
				016925CF125EA30B0010CE55 /* MyWindowController.h */,
				016925D0125EA30B0010CE55 /* MyWindowController.m */,
				016925DD125EA75A0010CE55 /* TreeController.h */,
				016925DE125EA75A0010CE55 /* TreeController.m */,
			);
			name = Controllers;
			sourceTree = "<group>";
		};
		080E96DDFE201D6D7F000001 /* Classes */ = {
			isa = PBXGroup;
			children = (
				01B141A61258DB6600E244E1 /* Controllers */,
				0124F95D1239B4DA00752810 /* Utils */,
				0105C5E5122F2207001B650B /* Model */,
				0187C1C3122B40830020BFC9 /* Views */,
				256AC3D80F4B6AC300CF3369 /* GraphicsCocos2dAppDelegate.h */,
				256AC3D90F4B6AC300CF3369 /* GraphicsCocos2dAppDelegate.m */,
			);
			name = Classes;
			sourceTree = "<group>";
		};
		1058C7A0FEA54F0111CA2CBB /* Linked Frameworks */ = {
			isa = PBXGroup;
			children = (
				1058C7A1FEA54F0111CA2CBB /* Cocoa.framework */,
				0167C0281257DB0C00CD1F35 /* BWToolkitFramework.framework */,
			);
			name = "Linked Frameworks";
			sourceTree = "<group>";
		};
		1058C7A2FEA54F0111CA2CBB /* Other Frameworks */ = {
			isa = PBXGroup;
			children = (
				01A1F8911235C6180067B1F9 /* QuartzCore.framework */,
				29B97324FDCFA39411CA2CEA /* AppKit.framework */,
				13E42FB307B3F0F600E4EEF1 /* CoreData.framework */,
				29B97325FDCFA39411CA2CEA /* Foundation.framework */,
				016925D8125EA5F50010CE55 /* Quartz.framework */,
			);
			name = "Other Frameworks";
			sourceTree = "<group>";
		};
		19C28FACFE9D520D11CA2CBB /* Products */ = {
			isa = PBXGroup;
			children = (
				8D1107320486CEB800E47090 /* GraphicsCocos2d.app */,
			);
			name = Products;
			sourceTree = "<group>";
		};
		29B97314FDCFA39411CA2CEA /* GraphicsCocos2d */ = {
			isa = PBXGroup;
			children = (
				080E96DDFE201D6D7F000001 /* Classes */,
				29B97315FDCFA39411CA2CEA /* Other Sources */,
				29B97317FDCFA39411CA2CEA /* Resources */,
				29B97323FDCFA39411CA2CEA /* Frameworks */,
				19C28FACFE9D520D11CA2CBB /* Products */,
				01692582125D4ED90010CE55 /* PropertyCell.xib */,
				01692596125EA0C80010CE55 /* MainWindow.xib */,
				016925E2125EA7F40010CE55 /* TreeOutlineView.xib */,
			);
			name = GraphicsCocos2d;
			sourceTree = "<group>";
		};
		29B97315FDCFA39411CA2CEA /* Other Sources */ = {
			isa = PBXGroup;
			children = (
				256AC3F00F4B6AF500CF3369 /* GraphicsCocos2d_Prefix.pch */,
				29B97316FDCFA39411CA2CEA /* main.m */,
			);
			name = "Other Sources";
			sourceTree = "<group>";
		};
		29B97317FDCFA39411CA2CEA /* Resources */ = {
			isa = PBXGroup;
			children = (
				0187BF381229B7F90020BFC9 /* Outline.dict */,
				8D1107310486CEB800E47090 /* GraphicsCocos2d-Info.plist */,
				089C165CFE840E0CC02AAC07 /* InfoPlist.strings */,
				1DDD58140DA1D0A300B32029 /* MainMenu.xib */,
				01B141981258D93400E244E1 /* Properties.xib */,
			);
			name = Resources;
			sourceTree = "<group>";
		};
		29B97323FDCFA39411CA2CEA /* Frameworks */ = {
			isa = PBXGroup;
			children = (
				1058C7A0FEA54F0111CA2CBB /* Linked Frameworks */,
				1058C7A2FEA54F0111CA2CBB /* Other Frameworks */,
			);
			name = Frameworks;
			sourceTree = "<group>";
		};
/* End PBXGroup section */

/* Begin PBXNativeTarget section */
		8D1107260486CEB800E47090 /* GraphicsCocos2d */ = {
			isa = PBXNativeTarget;
			buildConfigurationList = C01FCF4A08A954540054247B /* Build configuration list for PBXNativeTarget "GraphicsCocos2d" */;
			buildPhases = (
				8D1107290486CEB800E47090 /* Resources */,
				8D11072C0486CEB800E47090 /* Sources */,
				8D11072E0486CEB800E47090 /* Frameworks */,
				0167C0611257DB3300CD1F35 /* CopyFiles */,
			);
			buildRules = (
			);
			dependencies = (
			);
			name = GraphicsCocos2d;
			productInstallPath = "$(HOME)/Applications";
			productName = GraphicsCocos2d;
			productReference = 8D1107320486CEB800E47090 /* GraphicsCocos2d.app */;
			productType = "com.apple.product-type.application";
		};
/* End PBXNativeTarget section */

/* Begin PBXProject section */
		29B97313FDCFA39411CA2CEA /* Project object */ = {
			isa = PBXProject;
			buildConfigurationList = C01FCF4E08A954540054247B /* Build configuration list for PBXProject "GraphicsCocos2d" */;
			compatibilityVersion = "Xcode 3.2";
			developmentRegion = English;
			hasScannedForEncodings = 1;
			knownRegions = (
				en,
			);
			mainGroup = 29B97314FDCFA39411CA2CEA /* GraphicsCocos2d */;
			projectDirPath = "";
			projectRoot = "";
			targets = (
				8D1107260486CEB800E47090 /* GraphicsCocos2d */,
			);
		};
/* End PBXProject section */

/* Begin PBXResourcesBuildPhase section */
		8D1107290486CEB800E47090 /* Resources */ = {
			isa = PBXResourcesBuildPhase;
			buildActionMask = 2147483647;
			files = (
				8D11072B0486CEB800E47090 /* InfoPlist.strings in Resources */,
				1DDD58160DA1D0A300B32029 /* MainMenu.xib in Resources */,
				0170FAEB122751D300E80355 /* GCb2Types.plist in Resources */,
				0187BF391229B7F90020BFC9 /* Outline.dict in Resources */,
				01B141991258D93400E244E1 /* Properties.xib in Resources */,
				01692583125D4ED90010CE55 /* PropertyCell.xib in Resources */,
				01692597125EA0C80010CE55 /* MainWindow.xib in Resources */,
				016925E3125EA7F40010CE55 /* TreeOutlineView.xib in Resources */,
			);
			runOnlyForDeploymentPostprocessing = 0;
		};
/* End PBXResourcesBuildPhase section */

/* Begin PBXSourcesBuildPhase section */
		8D11072C0486CEB800E47090 /* Sources */ = {
			isa = PBXSourcesBuildPhase;
			buildActionMask = 2147483647;
			files = (
				8D11072D0486CEB800E47090 /* main.m in Sources */,
				256AC3DA0F4B6AC300CF3369 /* GraphicsCocos2dAppDelegate.m in Sources */,
				0184C372122736D8002055E0 /* MyWindowController2.m in Sources */,
				0184C39812273E46002055E0 /* BaseNode.m in Sources */,
				0184C39912273E46002055E0 /* ChildNode.m in Sources */,
				0170FA751227494700E80355 /* NSArray_Extensions.m in Sources */,
				0170FAE912274F9A00E80355 /* GCb2Types.m in Sources */,
				0187BF4F1229BB3E0020BFC9 /* ImageAndTextCell.m in Sources */,
				0187BF501229BB3E0020BFC9 /* SeparatorCell.m in Sources */,
				0187C1C8122B40BA0020BFC9 /* BaseGridView.m in Sources */,
				0105C5E9122F222B001B650B /* Document.m in Sources */,
				0105C5F8122F24DA001B650B /* PhysicsObject.m in Sources */,
				0105C5FB122F24E6001B650B /* PhysicsGroup.m in Sources */,
				0105C606122F265C001B650B /* GCb2Circle.m in Sources */,
				0105C641122F2DF9001B650B /* PhysicsGrid.m in Sources */,
				01443D8E123080EE00D42BB8 /* FrameworkManager.m in Sources */,
				01443D91123081C400D42BB8 /* Box2dFramework.m in Sources */,
				01A1F8841235C5C20067B1F9 /* GridLayer.m in Sources */,
				01A1FADA1235D8030067B1F9 /* RulerLayer.m in Sources */,
				0124F95B1239B4C700752810 /* SKTFoundationExtras.m in Sources */,
				0131303C123F03D30061B4EF /* GCb2Rect.m in Sources */,
				01946E87125A9F5300E5CAB0 /* FrameworkDefinition.m in Sources */,
				01946E8C125A9F8100E5CAB0 /* FrameworkClass.m in Sources */,
				016925D1125EA30B0010CE55 /* MyWindowController.m in Sources */,
				016925DF125EA75A0010CE55 /* TreeController.m in Sources */,
				01BF71A912623B7F001BB5F5 /* GCTabController.m in Sources */,
				011BBE3D1263F8E80055B4CE /* GridDrawObject.m in Sources */,
				011BC10C12654C940055B4CE /* TrackingArea.m in Sources */,
			);
			runOnlyForDeploymentPostprocessing = 0;
		};
/* End PBXSourcesBuildPhase section */

/* Begin PBXVariantGroup section */
		089C165CFE840E0CC02AAC07 /* InfoPlist.strings */ = {
			isa = PBXVariantGroup;
			children = (
				089C165DFE840E0CC02AAC07 /* English */,
			);
			name = InfoPlist.strings;
			sourceTree = "<group>";
		};
		1DDD58140DA1D0A300B32029 /* MainMenu.xib */ = {
			isa = PBXVariantGroup;
			children = (
				1DDD58150DA1D0A300B32029 /* English */,
			);
			name = MainMenu.xib;
			sourceTree = "<group>";
		};
/* End PBXVariantGroup section */

/* Begin XCBuildConfiguration section */
		C01FCF4B08A954540054247B /* Debug */ = {
			isa = XCBuildConfiguration;
			buildSettings = {
				ALWAYS_SEARCH_USER_PATHS = NO;
				COPY_PHASE_STRIP = NO;
				FRAMEWORK_SEARCH_PATHS = "$(inherited)";
				GCC_DYNAMIC_NO_PIC = NO;
				GCC_ENABLE_FIX_AND_CONTINUE = YES;
				GCC_MODEL_TUNING = G5;
				GCC_OPTIMIZATION_LEVEL = 0;
				GCC_PRECOMPILE_PREFIX_HEADER = YES;
				GCC_PREFIX_HEADER = GraphicsCocos2d_Prefix.pch;
				INFOPLIST_FILE = "GraphicsCocos2d-Info.plist";
				INSTALL_PATH = "$(HOME)/Applications";
				LIBRARY_SEARCH_PATHS = "$(inherited)";
				MACOSX_DEPLOYMENT_TARGET = 10.6;
				PRODUCT_NAME = GraphicsCocos2d;
			};
			name = Debug;
		};
		C01FCF4C08A954540054247B /* Release */ = {
			isa = XCBuildConfiguration;
			buildSettings = {
				ALWAYS_SEARCH_USER_PATHS = NO;
				DEBUG_INFORMATION_FORMAT = "dwarf-with-dsym";
				FRAMEWORK_SEARCH_PATHS = "$(inherited)";
				GCC_MODEL_TUNING = G5;
				GCC_PRECOMPILE_PREFIX_HEADER = YES;
				GCC_PREFIX_HEADER = GraphicsCocos2d_Prefix.pch;
				INFOPLIST_FILE = "GraphicsCocos2d-Info.plist";
				INSTALL_PATH = "$(HOME)/Applications";
				LIBRARY_SEARCH_PATHS = "$(inherited)";
				MACOSX_DEPLOYMENT_TARGET = 10.6;
				PRODUCT_NAME = GraphicsCocos2d;
			};
			name = Release;
		};
		C01FCF4F08A954540054247B /* Debug */ = {
			isa = XCBuildConfiguration;
			buildSettings = {
				ARCHS = "$(ARCHS_STANDARD_32_64_BIT)";
				GCC_C_LANGUAGE_STANDARD = gnu99;
				GCC_OPTIMIZATION_LEVEL = 0;
				GCC_WARN_ABOUT_RETURN_TYPE = YES;
				GCC_WARN_UNUSED_VARIABLE = YES;
				ONLY_ACTIVE_ARCH = YES;
				PREBINDING = NO;
				SDKROOT = macosx10.6;
			};
			name = Debug;
		};
		C01FCF5008A954540054247B /* Release */ = {
			isa = XCBuildConfiguration;
			buildSettings = {
				ARCHS = "$(ARCHS_STANDARD_32_64_BIT)";
				GCC_C_LANGUAGE_STANDARD = gnu99;
				GCC_WARN_ABOUT_RETURN_TYPE = YES;
				GCC_WARN_UNUSED_VARIABLE = YES;
				PREBINDING = NO;
				SDKROOT = macosx10.6;
			};
			name = Release;
		};
/* End XCBuildConfiguration section */

/* Begin XCConfigurationList section */
		C01FCF4A08A954540054247B /* Build configuration list for PBXNativeTarget "GraphicsCocos2d" */ = {
			isa = XCConfigurationList;
			buildConfigurations = (
				C01FCF4B08A954540054247B /* Debug */,
				C01FCF4C08A954540054247B /* Release */,
			);
			defaultConfigurationIsVisible = 0;
			defaultConfigurationName = Release;
		};
		C01FCF4E08A954540054247B /* Build configuration list for PBXProject "GraphicsCocos2d" */ = {
			isa = XCConfigurationList;
			buildConfigurations = (
				C01FCF4F08A954540054247B /* Debug */,
				C01FCF5008A954540054247B /* Release */,
			);
			defaultConfigurationIsVisible = 0;
			defaultConfigurationName = Release;
		};
/* End XCConfigurationList section */
	};
	rootObject = 29B97313FDCFA39411CA2CEA /* Project object */;
}
