// !$*UTF8*$!
{
	archiveVersion = 1;
	classes = {
	};
	objectVersion = 46;
	objects = {

/* Begin PBXBuildFile section */
		010E3F6812B6F88800935F1F /* GHUnit.framework in Frameworks */ = {isa = PBXBuildFile; fileRef = 010E3F6712B6F88800935F1F /* GHUnit.framework */; };
		010E3F9812B6F8F400935F1F /* Cocoa.framework in Frameworks */ = {isa = PBXBuildFile; fileRef = 1058C7A1FEA54F0111CA2CBB /* Cocoa.framework */; };
		0167C0291257DB0C00CD1F35 /* BWToolkitFramework.framework in CopyFiles */ = {isa = PBXBuildFile; fileRef = 0167C0281257DB0C00CD1F35 /* BWToolkitFramework.framework */; };
		01AF364F12B6F9DF004F15B8 /* Quartz.framework in Frameworks */ = {isa = PBXBuildFile; fileRef = 01AF364E12B6F9DF004F15B8 /* Quartz.framework */; };
		01AF365112B6FB1B004F15B8 /* RunTests.sh in Resources */ = {isa = PBXBuildFile; fileRef = 01B7089112B6F1F600C0A93A /* RunTests.sh */; };
		01B7089312B6F1F600C0A93A /* build.sh in Resources */ = {isa = PBXBuildFile; fileRef = 01B7088B12B6F1F600C0A93A /* build.sh */; };
		01B7089412B6F1F600C0A93A /* GCb2Types.plist in Resources */ = {isa = PBXBuildFile; fileRef = 01B7088C12B6F1F600C0A93A /* GCb2Types.plist */; };
		01B7089512B6F1F600C0A93A /* GraphicsCocos2d-Info.plist in Resources */ = {isa = PBXBuildFile; fileRef = 01B7088D12B6F1F600C0A93A /* GraphicsCocos2d-Info.plist */; };
		01B7089612B6F1F600C0A93A /* MainWindow.xib in Resources */ = {isa = PBXBuildFile; fileRef = 01B7088E12B6F1F600C0A93A /* MainWindow.xib */; };
		01B7089712B6F1F600C0A93A /* Properties.xib in Resources */ = {isa = PBXBuildFile; fileRef = 01B7088F12B6F1F600C0A93A /* Properties.xib */; };
		01B7089812B6F1F600C0A93A /* PropertyCell.xib in Resources */ = {isa = PBXBuildFile; fileRef = 01B7089012B6F1F600C0A93A /* PropertyCell.xib */; };
		01B7089912B6F1F600C0A93A /* RunTests.sh in Resources */ = {isa = PBXBuildFile; fileRef = 01B7089112B6F1F600C0A93A /* RunTests.sh */; };
		01B7089A12B6F1F600C0A93A /* TreeOutlineView.xib in Resources */ = {isa = PBXBuildFile; fileRef = 01B7089212B6F1F600C0A93A /* TreeOutlineView.xib */; };
		01B708D812B6F25B00C0A93A /* BaseDrawableObject.m in Sources */ = {isa = PBXBuildFile; fileRef = 01B7089D12B6F25B00C0A93A /* BaseDrawableObject.m */; };
		01B708D912B6F25B00C0A93A /* BaseGridView.m in Sources */ = {isa = PBXBuildFile; fileRef = 01B7089F12B6F25B00C0A93A /* BaseGridView.m */; };
		01B708DA12B6F25B00C0A93A /* BaseNode.m in Sources */ = {isa = PBXBuildFile; fileRef = 01B708A112B6F25B00C0A93A /* BaseNode.m */; };
		01B708DB12B6F25B00C0A93A /* Box2dFramework.m in Sources */ = {isa = PBXBuildFile; fileRef = 01B708A312B6F25B00C0A93A /* Box2dFramework.m */; };
		01B708DC12B6F25B00C0A93A /* ChildNode.m in Sources */ = {isa = PBXBuildFile; fileRef = 01B708A512B6F25B00C0A93A /* ChildNode.m */; };
		01B708DD12B6F25B00C0A93A /* DocNode.m in Sources */ = {isa = PBXBuildFile; fileRef = 01B708A712B6F25B00C0A93A /* DocNode.m */; };
		01B708DE12B6F25B00C0A93A /* Document.m in Sources */ = {isa = PBXBuildFile; fileRef = 01B708A912B6F25B00C0A93A /* Document.m */; };
		01B708DF12B6F25B00C0A93A /* FrameworkClass.m in Sources */ = {isa = PBXBuildFile; fileRef = 01B708AB12B6F25B00C0A93A /* FrameworkClass.m */; };
		01B708E012B6F25B00C0A93A /* FrameworkDefinition.m in Sources */ = {isa = PBXBuildFile; fileRef = 01B708AD12B6F25B00C0A93A /* FrameworkDefinition.m */; };
		01B708E112B6F25B00C0A93A /* FrameworkManager.m in Sources */ = {isa = PBXBuildFile; fileRef = 01B708AF12B6F25B00C0A93A /* FrameworkManager.m */; };
		01B708E212B6F25B00C0A93A /* GCb2Circle.m in Sources */ = {isa = PBXBuildFile; fileRef = 01B708B112B6F25B00C0A93A /* GCb2Circle.m */; };
		01B708E312B6F25B00C0A93A /* GCb2Rect.m in Sources */ = {isa = PBXBuildFile; fileRef = 01B708B312B6F25B00C0A93A /* GCb2Rect.m */; };
		01B708E412B6F25B00C0A93A /* GCb2Types.m in Sources */ = {isa = PBXBuildFile; fileRef = 01B708B512B6F25B00C0A93A /* GCb2Types.m */; };
		01B708E512B6F25B00C0A93A /* GCTabController.m in Sources */ = {isa = PBXBuildFile; fileRef = 01B708B712B6F25B00C0A93A /* GCTabController.m */; };
		01B708E612B6F25B00C0A93A /* GraphicsCocos2dAppDelegate.m in Sources */ = {isa = PBXBuildFile; fileRef = 01B708B912B6F25B00C0A93A /* GraphicsCocos2dAppDelegate.m */; };
		01B708E712B6F25B00C0A93A /* GridDrawObject.m in Sources */ = {isa = PBXBuildFile; fileRef = 01B708BB12B6F25B00C0A93A /* GridDrawObject.m */; };
		01B708E812B6F25B00C0A93A /* GridLayer.m in Sources */ = {isa = PBXBuildFile; fileRef = 01B708BD12B6F25B00C0A93A /* GridLayer.m */; };
		01B708E912B6F25B00C0A93A /* ImageAndTextCell.m in Sources */ = {isa = PBXBuildFile; fileRef = 01B708BF12B6F25B00C0A93A /* ImageAndTextCell.m */; };
		01B708EA12B6F25B00C0A93A /* MyWindowController.m in Sources */ = {isa = PBXBuildFile; fileRef = 01B708C112B6F25B00C0A93A /* MyWindowController.m */; };
		01B708EB12B6F25B00C0A93A /* NSArray_Extensions.m in Sources */ = {isa = PBXBuildFile; fileRef = 01B708C312B6F25B00C0A93A /* NSArray_Extensions.m */; };
		01B708EC12B6F25B00C0A93A /* PhysicsGrid.m in Sources */ = {isa = PBXBuildFile; fileRef = 01B708C612B6F25B00C0A93A /* PhysicsGrid.m */; };
		01B708ED12B6F25B00C0A93A /* PhysicsGroup.m in Sources */ = {isa = PBXBuildFile; fileRef = 01B708C812B6F25B00C0A93A /* PhysicsGroup.m */; };
		01B708EE12B6F25B00C0A93A /* PhysicsObject.m in Sources */ = {isa = PBXBuildFile; fileRef = 01B708CA12B6F25B00C0A93A /* PhysicsObject.m */; };
		01B708EF12B6F25B00C0A93A /* RulerLayer.m in Sources */ = {isa = PBXBuildFile; fileRef = 01B708CC12B6F25B00C0A93A /* RulerLayer.m */; };
		01B708F012B6F25B00C0A93A /* SeparatorCell.m in Sources */ = {isa = PBXBuildFile; fileRef = 01B708CE12B6F25B00C0A93A /* SeparatorCell.m */; };
		01B708F112B6F25B00C0A93A /* SKTFoundationExtras.m in Sources */ = {isa = PBXBuildFile; fileRef = 01B708D012B6F25B00C0A93A /* SKTFoundationExtras.m */; };
		01B708F212B6F25B00C0A93A /* TrackingArea.m in Sources */ = {isa = PBXBuildFile; fileRef = 01B708D212B6F25B00C0A93A /* TrackingArea.m */; };
		01B708F312B6F25B00C0A93A /* TreeController.m in Sources */ = {isa = PBXBuildFile; fileRef = 01B708D412B6F25B00C0A93A /* TreeController.m */; };
		01B708F412B6F25B00C0A93A /* WorkspaceObject.m in Sources */ = {isa = PBXBuildFile; fileRef = 01B708D712B6F25B00C0A93A /* WorkspaceObject.m */; };
		01CE4A7912B6F6A3002FE649 /* InfoPlist.strings in Resources */ = {isa = PBXBuildFile; fileRef = 01CE4A7712B6F6A3002FE649 /* InfoPlist.strings */; };
		01CE4A7E12B6F6A4002FE649 /* MainMenu.xib in Resources */ = {isa = PBXBuildFile; fileRef = 01CE4A7C12B6F6A4002FE649 /* MainMenu.xib */; };
		01CE4A8112B6F6A4002FE649 /* Credits.rtf in Resources */ = {isa = PBXBuildFile; fileRef = 01CE4A7F12B6F6A4002FE649 /* Credits.rtf */; };
		01CE4A8412B6F6A4002FE649 /* TestsAppDelegate.m in Sources */ = {isa = PBXBuildFile; fileRef = 01CE4A8312B6F6A4002FE649 /* TestsAppDelegate.m */; };
		01CE4A9E12B6F6BA002FE649 /* GHUnitTestMain.m in Sources */ = {isa = PBXBuildFile; fileRef = 01CE4A6512B6F344002FE649 /* GHUnitTestMain.m */; };
		01CE4A9F12B6F6BD002FE649 /* FrameworkManagerTest.m in Sources */ = {isa = PBXBuildFile; fileRef = 01B7091F12B6F27E00C0A93A /* FrameworkManagerTest.m */; };
		8D11072D0486CEB800E47090 /* main.m in Sources */ = {isa = PBXBuildFile; fileRef = 29B97316FDCFA39411CA2CEA /* main.m */; settings = {ATTRIBUTES = (); }; };
		8D11072F0486CEB800E47090 /* Cocoa.framework in Frameworks */ = {isa = PBXBuildFile; fileRef = 1058C7A1FEA54F0111CA2CBB /* Cocoa.framework */; };
/* End PBXBuildFile section */

/* Begin PBXCopyFilesBuildPhase section */
		0167C0611257DB3300CD1F35 /* CopyFiles */ = {
			isa = PBXCopyFilesBuildPhase;
			buildActionMask = 2147483647;
			dstPath = "";
			dstSubfolderSpec = 7;
			files = (
				0167C0291257DB0C00CD1F35 /* BWToolkitFramework.framework in CopyFiles */,
			);
			runOnlyForDeploymentPostprocessing = 0;
		};
/* End PBXCopyFilesBuildPhase section */

/* Begin PBXFileReference section */
		010E3F6712B6F88800935F1F /* GHUnit.framework */ = {isa = PBXFileReference; lastKnownFileType = wrapper.framework; name = GHUnit.framework; path = /Library/Frameworks/GHUnit.framework; sourceTree = "<absolute>"; };
		0167C0281257DB0C00CD1F35 /* BWToolkitFramework.framework */ = {isa = PBXFileReference; lastKnownFileType = wrapper.framework; name = BWToolkitFramework.framework; path = /Users/jonathanfontanez/Development/BWToolkit/BWToolkitFramework.framework; sourceTree = "<absolute>"; };
		01AF364E12B6F9DF004F15B8 /* Quartz.framework */ = {isa = PBXFileReference; lastKnownFileType = wrapper.framework; name = Quartz.framework; path = /System/Library/Frameworks/Quartz.framework; sourceTree = "<absolute>"; };
		01B7080712B5F2CC00C0A93A /* Quartz.framework */ = {isa = PBXFileReference; lastKnownFileType = wrapper.framework; name = Quartz.framework; path = /System/Library/Frameworks/Quartz.framework; sourceTree = "<absolute>"; };
		01B7088B12B6F1F600C0A93A /* build.sh */ = {isa = PBXFileReference; fileEncoding = 4; lastKnownFileType = text.script.sh; path = build.sh; sourceTree = "<group>"; };
		01B7088C12B6F1F600C0A93A /* GCb2Types.plist */ = {isa = PBXFileReference; fileEncoding = 4; lastKnownFileType = text.plist.xml; path = GCb2Types.plist; sourceTree = "<group>"; };
		01B7088D12B6F1F600C0A93A /* GraphicsCocos2d-Info.plist */ = {isa = PBXFileReference; fileEncoding = 4; lastKnownFileType = text.plist.xml; path = "GraphicsCocos2d-Info.plist"; sourceTree = "<group>"; };
		01B7088E12B6F1F600C0A93A /* MainWindow.xib */ = {isa = PBXFileReference; fileEncoding = 4; lastKnownFileType = file.xib; path = MainWindow.xib; sourceTree = "<group>"; };
		01B7088F12B6F1F600C0A93A /* Properties.xib */ = {isa = PBXFileReference; fileEncoding = 4; lastKnownFileType = file.xib; path = Properties.xib; sourceTree = "<group>"; };
		01B7089012B6F1F600C0A93A /* PropertyCell.xib */ = {isa = PBXFileReference; fileEncoding = 4; lastKnownFileType = file.xib; path = PropertyCell.xib; sourceTree = "<group>"; };
		01B7089112B6F1F600C0A93A /* RunTests.sh */ = {isa = PBXFileReference; fileEncoding = 4; lastKnownFileType = text.script.sh; path = RunTests.sh; sourceTree = "<group>"; };
		01B7089212B6F1F600C0A93A /* TreeOutlineView.xib */ = {isa = PBXFileReference; fileEncoding = 4; lastKnownFileType = file.xib; path = TreeOutlineView.xib; sourceTree = "<group>"; };
		01B7089C12B6F25B00C0A93A /* BaseDrawableObject.h */ = {isa = PBXFileReference; fileEncoding = 4; lastKnownFileType = sourcecode.c.h; path = BaseDrawableObject.h; sourceTree = "<group>"; };
		01B7089D12B6F25B00C0A93A /* BaseDrawableObject.m */ = {isa = PBXFileReference; fileEncoding = 4; lastKnownFileType = sourcecode.c.objc; path = BaseDrawableObject.m; sourceTree = "<group>"; };
		01B7089E12B6F25B00C0A93A /* BaseGridView.h */ = {isa = PBXFileReference; fileEncoding = 4; lastKnownFileType = sourcecode.c.h; path = BaseGridView.h; sourceTree = "<group>"; };
		01B7089F12B6F25B00C0A93A /* BaseGridView.m */ = {isa = PBXFileReference; fileEncoding = 4; lastKnownFileType = sourcecode.c.objc; path = BaseGridView.m; sourceTree = "<group>"; };
		01B708A012B6F25B00C0A93A /* BaseNode.h */ = {isa = PBXFileReference; fileEncoding = 4; lastKnownFileType = sourcecode.c.h; path = BaseNode.h; sourceTree = "<group>"; };
		01B708A112B6F25B00C0A93A /* BaseNode.m */ = {isa = PBXFileReference; fileEncoding = 4; lastKnownFileType = sourcecode.c.objc; path = BaseNode.m; sourceTree = "<group>"; };
		01B708A212B6F25B00C0A93A /* Box2dFramework.h */ = {isa = PBXFileReference; fileEncoding = 4; lastKnownFileType = sourcecode.c.h; path = Box2dFramework.h; sourceTree = "<group>"; };
		01B708A312B6F25B00C0A93A /* Box2dFramework.m */ = {isa = PBXFileReference; fileEncoding = 4; lastKnownFileType = sourcecode.c.objc; path = Box2dFramework.m; sourceTree = "<group>"; };
		01B708A412B6F25B00C0A93A /* ChildNode.h */ = {isa = PBXFileReference; fileEncoding = 4; lastKnownFileType = sourcecode.c.h; path = ChildNode.h; sourceTree = "<group>"; };
		01B708A512B6F25B00C0A93A /* ChildNode.m */ = {isa = PBXFileReference; fileEncoding = 4; lastKnownFileType = sourcecode.c.objc; path = ChildNode.m; sourceTree = "<group>"; };
		01B708A612B6F25B00C0A93A /* DocNode.h */ = {isa = PBXFileReference; fileEncoding = 4; lastKnownFileType = sourcecode.c.h; path = DocNode.h; sourceTree = "<group>"; };
		01B708A712B6F25B00C0A93A /* DocNode.m */ = {isa = PBXFileReference; fileEncoding = 4; lastKnownFileType = sourcecode.c.objc; path = DocNode.m; sourceTree = "<group>"; };
		01B708A812B6F25B00C0A93A /* Document.h */ = {isa = PBXFileReference; fileEncoding = 4; lastKnownFileType = sourcecode.c.h; path = Document.h; sourceTree = "<group>"; };
		01B708A912B6F25B00C0A93A /* Document.m */ = {isa = PBXFileReference; fileEncoding = 4; lastKnownFileType = sourcecode.c.objc; path = Document.m; sourceTree = "<group>"; };
		01B708AA12B6F25B00C0A93A /* FrameworkClass.h */ = {isa = PBXFileReference; fileEncoding = 4; lastKnownFileType = sourcecode.c.h; path = FrameworkClass.h; sourceTree = "<group>"; };
		01B708AB12B6F25B00C0A93A /* FrameworkClass.m */ = {isa = PBXFileReference; fileEncoding = 4; lastKnownFileType = sourcecode.c.objc; path = FrameworkClass.m; sourceTree = "<group>"; };
		01B708AC12B6F25B00C0A93A /* FrameworkDefinition.h */ = {isa = PBXFileReference; fileEncoding = 4; lastKnownFileType = sourcecode.c.h; path = FrameworkDefinition.h; sourceTree = "<group>"; };
		01B708AD12B6F25B00C0A93A /* FrameworkDefinition.m */ = {isa = PBXFileReference; fileEncoding = 4; lastKnownFileType = sourcecode.c.objc; path = FrameworkDefinition.m; sourceTree = "<group>"; };
		01B708AE12B6F25B00C0A93A /* FrameworkManager.h */ = {isa = PBXFileReference; fileEncoding = 4; lastKnownFileType = sourcecode.c.h; path = FrameworkManager.h; sourceTree = "<group>"; };
		01B708AF12B6F25B00C0A93A /* FrameworkManager.m */ = {isa = PBXFileReference; fileEncoding = 4; lastKnownFileType = sourcecode.c.objc; path = FrameworkManager.m; sourceTree = "<group>"; };
		01B708B012B6F25B00C0A93A /* GCb2Circle.h */ = {isa = PBXFileReference; fileEncoding = 4; lastKnownFileType = sourcecode.c.h; path = GCb2Circle.h; sourceTree = "<group>"; };
		01B708B112B6F25B00C0A93A /* GCb2Circle.m */ = {isa = PBXFileReference; fileEncoding = 4; lastKnownFileType = sourcecode.c.objc; path = GCb2Circle.m; sourceTree = "<group>"; };
		01B708B212B6F25B00C0A93A /* GCb2Rect.h */ = {isa = PBXFileReference; fileEncoding = 4; lastKnownFileType = sourcecode.c.h; path = GCb2Rect.h; sourceTree = "<group>"; };
		01B708B312B6F25B00C0A93A /* GCb2Rect.m */ = {isa = PBXFileReference; fileEncoding = 4; lastKnownFileType = sourcecode.c.objc; path = GCb2Rect.m; sourceTree = "<group>"; };
		01B708B412B6F25B00C0A93A /* GCb2Types.h */ = {isa = PBXFileReference; fileEncoding = 4; lastKnownFileType = sourcecode.c.h; path = GCb2Types.h; sourceTree = "<group>"; };
		01B708B512B6F25B00C0A93A /* GCb2Types.m */ = {isa = PBXFileReference; fileEncoding = 4; lastKnownFileType = sourcecode.c.objc; path = GCb2Types.m; sourceTree = "<group>"; };
		01B708B612B6F25B00C0A93A /* GCTabController.h */ = {isa = PBXFileReference; fileEncoding = 4; lastKnownFileType = sourcecode.c.h; path = GCTabController.h; sourceTree = "<group>"; };
		01B708B712B6F25B00C0A93A /* GCTabController.m */ = {isa = PBXFileReference; fileEncoding = 4; lastKnownFileType = sourcecode.c.objc; path = GCTabController.m; sourceTree = "<group>"; };
		01B708B812B6F25B00C0A93A /* GraphicsCocos2dAppDelegate.h */ = {isa = PBXFileReference; fileEncoding = 4; lastKnownFileType = sourcecode.c.h; path = GraphicsCocos2dAppDelegate.h; sourceTree = "<group>"; };
		01B708B912B6F25B00C0A93A /* GraphicsCocos2dAppDelegate.m */ = {isa = PBXFileReference; fileEncoding = 4; lastKnownFileType = sourcecode.c.objc; path = GraphicsCocos2dAppDelegate.m; sourceTree = "<group>"; };
		01B708BA12B6F25B00C0A93A /* GridDrawObject.h */ = {isa = PBXFileReference; fileEncoding = 4; lastKnownFileType = sourcecode.c.h; path = GridDrawObject.h; sourceTree = "<group>"; };
		01B708BB12B6F25B00C0A93A /* GridDrawObject.m */ = {isa = PBXFileReference; fileEncoding = 4; lastKnownFileType = sourcecode.c.objc; path = GridDrawObject.m; sourceTree = "<group>"; };
		01B708BC12B6F25B00C0A93A /* GridLayer.h */ = {isa = PBXFileReference; fileEncoding = 4; lastKnownFileType = sourcecode.c.h; path = GridLayer.h; sourceTree = "<group>"; };
		01B708BD12B6F25B00C0A93A /* GridLayer.m */ = {isa = PBXFileReference; fileEncoding = 4; lastKnownFileType = sourcecode.c.objc; path = GridLayer.m; sourceTree = "<group>"; };
		01B708BE12B6F25B00C0A93A /* ImageAndTextCell.h */ = {isa = PBXFileReference; fileEncoding = 4; lastKnownFileType = sourcecode.c.h; path = ImageAndTextCell.h; sourceTree = "<group>"; };
		01B708BF12B6F25B00C0A93A /* ImageAndTextCell.m */ = {isa = PBXFileReference; fileEncoding = 4; lastKnownFileType = sourcecode.c.objc; path = ImageAndTextCell.m; sourceTree = "<group>"; };
		01B708C012B6F25B00C0A93A /* MyWindowController.h */ = {isa = PBXFileReference; fileEncoding = 4; lastKnownFileType = sourcecode.c.h; path = MyWindowController.h; sourceTree = "<group>"; };
		01B708C112B6F25B00C0A93A /* MyWindowController.m */ = {isa = PBXFileReference; fileEncoding = 4; lastKnownFileType = sourcecode.c.objc; path = MyWindowController.m; sourceTree = "<group>"; };
		01B708C212B6F25B00C0A93A /* NSArray_Extensions.h */ = {isa = PBXFileReference; fileEncoding = 4; lastKnownFileType = sourcecode.c.h; path = NSArray_Extensions.h; sourceTree = "<group>"; };
		01B708C312B6F25B00C0A93A /* NSArray_Extensions.m */ = {isa = PBXFileReference; fileEncoding = 4; lastKnownFileType = sourcecode.c.objc; path = NSArray_Extensions.m; sourceTree = "<group>"; };
		01B708C412B6F25B00C0A93A /* Physics.h */ = {isa = PBXFileReference; fileEncoding = 4; lastKnownFileType = sourcecode.c.h; path = Physics.h; sourceTree = "<group>"; };
		01B708C512B6F25B00C0A93A /* PhysicsGrid.h */ = {isa = PBXFileReference; fileEncoding = 4; lastKnownFileType = sourcecode.c.h; path = PhysicsGrid.h; sourceTree = "<group>"; };
		01B708C612B6F25B00C0A93A /* PhysicsGrid.m */ = {isa = PBXFileReference; fileEncoding = 4; lastKnownFileType = sourcecode.c.objc; path = PhysicsGrid.m; sourceTree = "<group>"; };
		01B708C712B6F25B00C0A93A /* PhysicsGroup.h */ = {isa = PBXFileReference; fileEncoding = 4; lastKnownFileType = sourcecode.c.h; path = PhysicsGroup.h; sourceTree = "<group>"; };
		01B708C812B6F25B00C0A93A /* PhysicsGroup.m */ = {isa = PBXFileReference; fileEncoding = 4; lastKnownFileType = sourcecode.c.objc; path = PhysicsGroup.m; sourceTree = "<group>"; };
		01B708C912B6F25B00C0A93A /* PhysicsObject.h */ = {isa = PBXFileReference; fileEncoding = 4; lastKnownFileType = sourcecode.c.h; path = PhysicsObject.h; sourceTree = "<group>"; };
		01B708CA12B6F25B00C0A93A /* PhysicsObject.m */ = {isa = PBXFileReference; fileEncoding = 4; lastKnownFileType = sourcecode.c.objc; path = PhysicsObject.m; sourceTree = "<group>"; };
		01B708CB12B6F25B00C0A93A /* RulerLayer.h */ = {isa = PBXFileReference; fileEncoding = 4; lastKnownFileType = sourcecode.c.h; path = RulerLayer.h; sourceTree = "<group>"; };
		01B708CC12B6F25B00C0A93A /* RulerLayer.m */ = {isa = PBXFileReference; fileEncoding = 4; lastKnownFileType = sourcecode.c.objc; path = RulerLayer.m; sourceTree = "<group>"; };
		01B708CD12B6F25B00C0A93A /* SeparatorCell.h */ = {isa = PBXFileReference; fileEncoding = 4; lastKnownFileType = sourcecode.c.h; path = SeparatorCell.h; sourceTree = "<group>"; };
		01B708CE12B6F25B00C0A93A /* SeparatorCell.m */ = {isa = PBXFileReference; fileEncoding = 4; lastKnownFileType = sourcecode.c.objc; path = SeparatorCell.m; sourceTree = "<group>"; };
		01B708CF12B6F25B00C0A93A /* SKTFoundationExtras.h */ = {isa = PBXFileReference; fileEncoding = 4; lastKnownFileType = sourcecode.c.h; path = SKTFoundationExtras.h; sourceTree = "<group>"; };
		01B708D012B6F25B00C0A93A /* SKTFoundationExtras.m */ = {isa = PBXFileReference; fileEncoding = 4; lastKnownFileType = sourcecode.c.objc; path = SKTFoundationExtras.m; sourceTree = "<group>"; };
		01B708D112B6F25B00C0A93A /* TrackingArea.h */ = {isa = PBXFileReference; fileEncoding = 4; lastKnownFileType = sourcecode.c.h; path = TrackingArea.h; sourceTree = "<group>"; };
		01B708D212B6F25B00C0A93A /* TrackingArea.m */ = {isa = PBXFileReference; fileEncoding = 4; lastKnownFileType = sourcecode.c.objc; path = TrackingArea.m; sourceTree = "<group>"; };
		01B708D312B6F25B00C0A93A /* TreeController.h */ = {isa = PBXFileReference; fileEncoding = 4; lastKnownFileType = sourcecode.c.h; path = TreeController.h; sourceTree = "<group>"; };
		01B708D412B6F25B00C0A93A /* TreeController.m */ = {isa = PBXFileReference; fileEncoding = 4; lastKnownFileType = sourcecode.c.objc; path = TreeController.m; sourceTree = "<group>"; };
		01B708D512B6F25B00C0A93A /* Workbench.h */ = {isa = PBXFileReference; fileEncoding = 4; lastKnownFileType = sourcecode.c.h; path = Workbench.h; sourceTree = "<group>"; };
		01B708D612B6F25B00C0A93A /* WorkspaceObject.h */ = {isa = PBXFileReference; fileEncoding = 4; lastKnownFileType = sourcecode.c.h; path = WorkspaceObject.h; sourceTree = "<group>"; };
		01B708D712B6F25B00C0A93A /* WorkspaceObject.m */ = {isa = PBXFileReference; fileEncoding = 4; lastKnownFileType = sourcecode.c.objc; path = WorkspaceObject.m; sourceTree = "<group>"; };
		01B7091F12B6F27E00C0A93A /* FrameworkManagerTest.m */ = {isa = PBXFileReference; fileEncoding = 4; lastKnownFileType = sourcecode.c.objc; path = FrameworkManagerTest.m; sourceTree = "<group>"; };
		01CE4A6512B6F344002FE649 /* GHUnitTestMain.m */ = {isa = PBXFileReference; fileEncoding = 4; lastKnownFileType = sourcecode.c.objc; path = GHUnitTestMain.m; sourceTree = SOURCE_ROOT; };
		01CE4A7212B6F6A3002FE649 /* Tests.app */ = {isa = PBXFileReference; explicitFileType = wrapper.application; includeInIndex = 0; path = Tests.app; sourceTree = BUILT_PRODUCTS_DIR; };
		01CE4A7512B6F6A3002FE649 /* Tests-Info.plist */ = {isa = PBXFileReference; lastKnownFileType = text.plist.xml; path = "Tests-Info.plist"; sourceTree = "<group>"; };
		01CE4A7612B6F6A3002FE649 /* Tests-Prefix.pch */ = {isa = PBXFileReference; lastKnownFileType = sourcecode.c.h; path = "Tests-Prefix.pch"; sourceTree = "<group>"; };
		01CE4A7812B6F6A3002FE649 /* en */ = {isa = PBXFileReference; lastKnownFileType = text.plist.strings; name = en; path = en.lproj/InfoPlist.strings; sourceTree = "<group>"; };
		01CE4A7A12B6F6A3002FE649 /* Tests-main.m */ = {isa = PBXFileReference; lastKnownFileType = sourcecode.c.objc; path = "Tests-main.m"; sourceTree = "<group>"; };
		01CE4A7D12B6F6A4002FE649 /* en */ = {isa = PBXFileReference; lastKnownFileType = file.xib; name = en; path = en.lproj/MainMenu.xib; sourceTree = "<group>"; };
		01CE4A8012B6F6A4002FE649 /* en */ = {isa = PBXFileReference; lastKnownFileType = text.rtf; name = en; path = en.lproj/Credits.rtf; sourceTree = "<group>"; };
		01CE4A8212B6F6A4002FE649 /* TestsAppDelegate.h */ = {isa = PBXFileReference; lastKnownFileType = sourcecode.c.h; path = TestsAppDelegate.h; sourceTree = "<group>"; };
		01CE4A8312B6F6A4002FE649 /* TestsAppDelegate.m */ = {isa = PBXFileReference; lastKnownFileType = sourcecode.c.objc; path = TestsAppDelegate.m; sourceTree = "<group>"; };
		01D7F48212B5C9D70000E6EC /* LICENSE */ = {isa = PBXFileReference; lastKnownFileType = text; path = LICENSE; sourceTree = "<group>"; };
		01D7F48312B5C9D70000E6EC /* Makefile */ = {isa = PBXFileReference; lastKnownFileType = sourcecode.make; path = Makefile; sourceTree = "<group>"; };
		1058C7A1FEA54F0111CA2CBB /* Cocoa.framework */ = {isa = PBXFileReference; lastKnownFileType = wrapper.framework; name = Cocoa.framework; path = /System/Library/Frameworks/Cocoa.framework; sourceTree = "<absolute>"; };
		13E42FB307B3F0F600E4EEF1 /* CoreData.framework */ = {isa = PBXFileReference; lastKnownFileType = wrapper.framework; name = CoreData.framework; path = /System/Library/Frameworks/CoreData.framework; sourceTree = "<absolute>"; };
		256AC3F00F4B6AF500CF3369 /* GraphicsCocos2d_Prefix.pch */ = {isa = PBXFileReference; fileEncoding = 4; lastKnownFileType = sourcecode.c.h; path = GraphicsCocos2d_Prefix.pch; sourceTree = "<group>"; };
		29B97316FDCFA39411CA2CEA /* main.m */ = {isa = PBXFileReference; fileEncoding = 4; lastKnownFileType = sourcecode.c.objc; path = main.m; sourceTree = "<group>"; };
		29B97324FDCFA39411CA2CEA /* AppKit.framework */ = {isa = PBXFileReference; lastKnownFileType = wrapper.framework; name = AppKit.framework; path = /System/Library/Frameworks/AppKit.framework; sourceTree = "<absolute>"; };
		29B97325FDCFA39411CA2CEA /* Foundation.framework */ = {isa = PBXFileReference; lastKnownFileType = wrapper.framework; name = Foundation.framework; path = /System/Library/Frameworks/Foundation.framework; sourceTree = "<absolute>"; };
		8D1107320486CEB800E47090 /* GraphicsCocos2d.app */ = {isa = PBXFileReference; explicitFileType = wrapper.application; includeInIndex = 0; path = GraphicsCocos2d.app; sourceTree = BUILT_PRODUCTS_DIR; };
/* End PBXFileReference section */

/* Begin PBXFrameworksBuildPhase section */
		01CE4A6F12B6F6A3002FE649 /* Frameworks */ = {
			isa = PBXFrameworksBuildPhase;
			buildActionMask = 2147483647;
			files = (
				010E3F6812B6F88800935F1F /* GHUnit.framework in Frameworks */,
				010E3F9812B6F8F400935F1F /* Cocoa.framework in Frameworks */,
			);
			runOnlyForDeploymentPostprocessing = 0;
		};
		8D11072E0486CEB800E47090 /* Frameworks */ = {
			isa = PBXFrameworksBuildPhase;
			buildActionMask = 2147483647;
			files = (
				01AF364F12B6F9DF004F15B8 /* Quartz.framework in Frameworks */,
				8D11072F0486CEB800E47090 /* Cocoa.framework in Frameworks */,
			);
			runOnlyForDeploymentPostprocessing = 0;
		};
/* End PBXFrameworksBuildPhase section */

/* Begin PBXGroup section */
		01B7089B12B6F25B00C0A93A /* Classes */ = {
			isa = PBXGroup;
			children = (
				01B7089C12B6F25B00C0A93A /* BaseDrawableObject.h */,
				01B7089D12B6F25B00C0A93A /* BaseDrawableObject.m */,
				01B7089E12B6F25B00C0A93A /* BaseGridView.h */,
				01B7089F12B6F25B00C0A93A /* BaseGridView.m */,
				01B708A012B6F25B00C0A93A /* BaseNode.h */,
				01B708A112B6F25B00C0A93A /* BaseNode.m */,
				01B708A212B6F25B00C0A93A /* Box2dFramework.h */,
				01B708A312B6F25B00C0A93A /* Box2dFramework.m */,
				01B708A412B6F25B00C0A93A /* ChildNode.h */,
				01B708A512B6F25B00C0A93A /* ChildNode.m */,
				01B708A612B6F25B00C0A93A /* DocNode.h */,
				01B708A712B6F25B00C0A93A /* DocNode.m */,
				01B708A812B6F25B00C0A93A /* Document.h */,
				01B708A912B6F25B00C0A93A /* Document.m */,
				01B708AA12B6F25B00C0A93A /* FrameworkClass.h */,
				01B708AB12B6F25B00C0A93A /* FrameworkClass.m */,
				01B708AC12B6F25B00C0A93A /* FrameworkDefinition.h */,
				01B708AD12B6F25B00C0A93A /* FrameworkDefinition.m */,
				01B708AE12B6F25B00C0A93A /* FrameworkManager.h */,
				01B708AF12B6F25B00C0A93A /* FrameworkManager.m */,
				01B708B012B6F25B00C0A93A /* GCb2Circle.h */,
				01B708B112B6F25B00C0A93A /* GCb2Circle.m */,
				01B708B212B6F25B00C0A93A /* GCb2Rect.h */,
				01B708B312B6F25B00C0A93A /* GCb2Rect.m */,
				01B708B412B6F25B00C0A93A /* GCb2Types.h */,
				01B708B512B6F25B00C0A93A /* GCb2Types.m */,
				01B708B612B6F25B00C0A93A /* GCTabController.h */,
				01B708B712B6F25B00C0A93A /* GCTabController.m */,
				01B708B812B6F25B00C0A93A /* GraphicsCocos2dAppDelegate.h */,
				01B708B912B6F25B00C0A93A /* GraphicsCocos2dAppDelegate.m */,
				01B708BA12B6F25B00C0A93A /* GridDrawObject.h */,
				01B708BB12B6F25B00C0A93A /* GridDrawObject.m */,
				01B708BC12B6F25B00C0A93A /* GridLayer.h */,
				01B708BD12B6F25B00C0A93A /* GridLayer.m */,
				01B708BE12B6F25B00C0A93A /* ImageAndTextCell.h */,
				01B708BF12B6F25B00C0A93A /* ImageAndTextCell.m */,
				01B708C012B6F25B00C0A93A /* MyWindowController.h */,
				01B708C112B6F25B00C0A93A /* MyWindowController.m */,
				01B708C212B6F25B00C0A93A /* NSArray_Extensions.h */,
				01B708C312B6F25B00C0A93A /* NSArray_Extensions.m */,
				01B708C412B6F25B00C0A93A /* Physics.h */,
				01B708C512B6F25B00C0A93A /* PhysicsGrid.h */,
				01B708C612B6F25B00C0A93A /* PhysicsGrid.m */,
				01B708C712B6F25B00C0A93A /* PhysicsGroup.h */,
				01B708C812B6F25B00C0A93A /* PhysicsGroup.m */,
				01B708C912B6F25B00C0A93A /* PhysicsObject.h */,
				01B708CA12B6F25B00C0A93A /* PhysicsObject.m */,
				01B708CB12B6F25B00C0A93A /* RulerLayer.h */,
				01B708CC12B6F25B00C0A93A /* RulerLayer.m */,
				01B708CD12B6F25B00C0A93A /* SeparatorCell.h */,
				01B708CE12B6F25B00C0A93A /* SeparatorCell.m */,
				01B708CF12B6F25B00C0A93A /* SKTFoundationExtras.h */,
				01B708D012B6F25B00C0A93A /* SKTFoundationExtras.m */,
				01B708D112B6F25B00C0A93A /* TrackingArea.h */,
				01B708D212B6F25B00C0A93A /* TrackingArea.m */,
				01B708D312B6F25B00C0A93A /* TreeController.h */,
				01B708D412B6F25B00C0A93A /* TreeController.m */,
				01B708D512B6F25B00C0A93A /* Workbench.h */,
				01B708D612B6F25B00C0A93A /* WorkspaceObject.h */,
				01B708D712B6F25B00C0A93A /* WorkspaceObject.m */,
				01CE4A8212B6F6A4002FE649 /* TestsAppDelegate.h */,
				01CE4A8312B6F6A4002FE649 /* TestsAppDelegate.m */,
			);
			path = Classes;
			sourceTree = "<group>";
		};
		01B7091E12B6F27E00C0A93A /* Tests */ = {
			isa = PBXGroup;
			children = (
				01CE4A6512B6F344002FE649 /* GHUnitTestMain.m */,
				01B7091F12B6F27E00C0A93A /* FrameworkManagerTest.m */,
			);
			path = Tests;
			sourceTree = "<group>";
		};
		1058C7A0FEA54F0111CA2CBB /* Linked Frameworks */ = {
			isa = PBXGroup;
			children = (
				01AF364E12B6F9DF004F15B8 /* Quartz.framework */,
				010E3F6712B6F88800935F1F /* GHUnit.framework */,
				01B7080712B5F2CC00C0A93A /* Quartz.framework */,
				1058C7A1FEA54F0111CA2CBB /* Cocoa.framework */,
				0167C0281257DB0C00CD1F35 /* BWToolkitFramework.framework */,
			);
			name = "Linked Frameworks";
			sourceTree = "<group>";
		};
		1058C7A2FEA54F0111CA2CBB /* Other Frameworks */ = {
			isa = PBXGroup;
			children = (
				29B97324FDCFA39411CA2CEA /* AppKit.framework */,
				13E42FB307B3F0F600E4EEF1 /* CoreData.framework */,
				29B97325FDCFA39411CA2CEA /* Foundation.framework */,
			);
			name = "Other Frameworks";
			sourceTree = "<group>";
		};
		19C28FACFE9D520D11CA2CBB /* Products */ = {
			isa = PBXGroup;
			children = (
				8D1107320486CEB800E47090 /* GraphicsCocos2d.app */,
				01CE4A7212B6F6A3002FE649 /* Tests.app */,
			);
			name = Products;
			sourceTree = "<group>";
		};
		29B97314FDCFA39411CA2CEA /* GraphicsCocos2d */ = {
			isa = PBXGroup;
			children = (
				01D7F48212B5C9D70000E6EC /* LICENSE */,
				01D7F48312B5C9D70000E6EC /* Makefile */,
				01B7091E12B6F27E00C0A93A /* Tests */,
				01B7089B12B6F25B00C0A93A /* Classes */,
				29B97315FDCFA39411CA2CEA /* Other Sources */,
				29B97317FDCFA39411CA2CEA /* Resources */,
				29B97323FDCFA39411CA2CEA /* Frameworks */,
				19C28FACFE9D520D11CA2CBB /* Products */,
			);
			name = GraphicsCocos2d;
			sourceTree = "<group>";
		};
		29B97315FDCFA39411CA2CEA /* Other Sources */ = {
			isa = PBXGroup;
			children = (
				256AC3F00F4B6AF500CF3369 /* GraphicsCocos2d_Prefix.pch */,
				29B97316FDCFA39411CA2CEA /* main.m */,
				01CE4A7612B6F6A3002FE649 /* Tests-Prefix.pch */,
				01CE4A7A12B6F6A3002FE649 /* Tests-main.m */,
			);
			name = "Other Sources";
			sourceTree = "<group>";
		};
		29B97317FDCFA39411CA2CEA /* Resources */ = {
			isa = PBXGroup;
			children = (
				01B7088B12B6F1F600C0A93A /* build.sh */,
				01B7088C12B6F1F600C0A93A /* GCb2Types.plist */,
				01B7088D12B6F1F600C0A93A /* GraphicsCocos2d-Info.plist */,
				01B7088E12B6F1F600C0A93A /* MainWindow.xib */,
				01B7088F12B6F1F600C0A93A /* Properties.xib */,
				01B7089012B6F1F600C0A93A /* PropertyCell.xib */,
				01B7089112B6F1F600C0A93A /* RunTests.sh */,
				01B7089212B6F1F600C0A93A /* TreeOutlineView.xib */,
				01CE4A7512B6F6A3002FE649 /* Tests-Info.plist */,
				01CE4A7712B6F6A3002FE649 /* InfoPlist.strings */,
				01CE4A7C12B6F6A4002FE649 /* MainMenu.xib */,
				01CE4A7F12B6F6A4002FE649 /* Credits.rtf */,
			);
			name = Resources;
			sourceTree = "<group>";
		};
		29B97323FDCFA39411CA2CEA /* Frameworks */ = {
			isa = PBXGroup;
			children = (
				1058C7A0FEA54F0111CA2CBB /* Linked Frameworks */,
				1058C7A2FEA54F0111CA2CBB /* Other Frameworks */,
			);
			name = Frameworks;
			sourceTree = "<group>";
		};
/* End PBXGroup section */

/* Begin PBXNativeTarget section */
		01CE4A7112B6F6A3002FE649 /* Tests */ = {
			isa = PBXNativeTarget;
			buildConfigurationList = 01CE4A8712B6F6A4002FE649 /* Build configuration list for PBXNativeTarget "Tests" */;
			buildPhases = (
				01AF365012B6FAFF004F15B8 /* ShellScript */,
				01CE4A7012B6F6A3002FE649 /* Resources */,
				01CE4A6E12B6F6A3002FE649 /* Sources */,
				01CE4A6F12B6F6A3002FE649 /* Frameworks */,
			);
			buildRules = (
			);
			dependencies = (
			);
			name = Tests;
			productName = Tests;
			productReference = 01CE4A7212B6F6A3002FE649 /* Tests.app */;
			productType = "com.apple.product-type.application";
		};
		8D1107260486CEB800E47090 /* GraphicsCocos2d */ = {
			isa = PBXNativeTarget;
			buildConfigurationList = C01FCF4A08A954540054247B /* Build configuration list for PBXNativeTarget "GraphicsCocos2d" */;
			buildPhases = (
				8D1107290486CEB800E47090 /* Resources */,
				8D11072C0486CEB800E47090 /* Sources */,
				8D11072E0486CEB800E47090 /* Frameworks */,
				0167C0611257DB3300CD1F35 /* CopyFiles */,
			);
			buildRules = (
			);
			dependencies = (
			);
			name = GraphicsCocos2d;
			productInstallPath = "$(HOME)/Applications";
			productName = GraphicsCocos2d;
			productReference = 8D1107320486CEB800E47090 /* GraphicsCocos2d.app */;
			productType = "com.apple.product-type.application";
		};
/* End PBXNativeTarget section */

/* Begin PBXProject section */
		29B97313FDCFA39411CA2CEA /* Project object */ = {
			isa = PBXProject;
			buildConfigurationList = C01FCF4E08A954540054247B /* Build configuration list for PBXProject "GraphicsCocos2d" */;
			compatibilityVersion = "Xcode 3.2";
			developmentRegion = English;
			hasScannedForEncodings = 1;
			knownRegions = (
				en,
			);
			mainGroup = 29B97314FDCFA39411CA2CEA /* GraphicsCocos2d */;
			projectDirPath = "";
			projectRoot = "";
			targets = (
				8D1107260486CEB800E47090 /* GraphicsCocos2d */,
				01CE4A7112B6F6A3002FE649 /* Tests */,
			);
		};
/* End PBXProject section */

/* Begin PBXResourcesBuildPhase section */
		01CE4A7012B6F6A3002FE649 /* Resources */ = {
			isa = PBXResourcesBuildPhase;
			buildActionMask = 2147483647;
			files = (
				01AF365112B6FB1B004F15B8 /* RunTests.sh in Resources */,
				01CE4A7912B6F6A3002FE649 /* InfoPlist.strings in Resources */,
				01CE4A7E12B6F6A4002FE649 /* MainMenu.xib in Resources */,
				01CE4A8112B6F6A4002FE649 /* Credits.rtf in Resources */,
			);
			runOnlyForDeploymentPostprocessing = 0;
		};
		8D1107290486CEB800E47090 /* Resources */ = {
			isa = PBXResourcesBuildPhase;
			buildActionMask = 2147483647;
			files = (
				01B7089312B6F1F600C0A93A /* build.sh in Resources */,
				01B7089412B6F1F600C0A93A /* GCb2Types.plist in Resources */,
				01B7089512B6F1F600C0A93A /* GraphicsCocos2d-Info.plist in Resources */,
				01B7089612B6F1F600C0A93A /* MainWindow.xib in Resources */,
				01B7089712B6F1F600C0A93A /* Properties.xib in Resources */,
				01B7089812B6F1F600C0A93A /* PropertyCell.xib in Resources */,
				01B7089912B6F1F600C0A93A /* RunTests.sh in Resources */,
				01B7089A12B6F1F600C0A93A /* TreeOutlineView.xib in Resources */,
			);
			runOnlyForDeploymentPostprocessing = 0;
		};
/* End PBXResourcesBuildPhase section */

/* Begin PBXShellScriptBuildPhase section */
		01AF365012B6FAFF004F15B8 /* ShellScript */ = {
			isa = PBXShellScriptBuildPhase;
			buildActionMask = 8;
			files = (
			);
			inputPaths = (
			);
			outputPaths = (
			);
			runOnlyForDeploymentPostprocessing = 1;
			shellPath = /bin/sh;
			shellScript = "sh RunTests.sh";
		};
/* End PBXShellScriptBuildPhase section */

/* Begin PBXSourcesBuildPhase section */
		01CE4A6E12B6F6A3002FE649 /* Sources */ = {
			isa = PBXSourcesBuildPhase;
			buildActionMask = 2147483647;
			files = (
				01CE4A9F12B6F6BD002FE649 /* FrameworkManagerTest.m in Sources */,
				01CE4A9E12B6F6BA002FE649 /* GHUnitTestMain.m in Sources */,
				01CE4A8412B6F6A4002FE649 /* TestsAppDelegate.m in Sources */,
			);
			runOnlyForDeploymentPostprocessing = 0;
		};
		8D11072C0486CEB800E47090 /* Sources */ = {
			isa = PBXSourcesBuildPhase;
			buildActionMask = 2147483647;
			files = (
				8D11072D0486CEB800E47090 /* main.m in Sources */,
				01B708D812B6F25B00C0A93A /* BaseDrawableObject.m in Sources */,
				01B708D912B6F25B00C0A93A /* BaseGridView.m in Sources */,
				01B708DA12B6F25B00C0A93A /* BaseNode.m in Sources */,
				01B708DB12B6F25B00C0A93A /* Box2dFramework.m in Sources */,
				01B708DC12B6F25B00C0A93A /* ChildNode.m in Sources */,
				01B708DD12B6F25B00C0A93A /* DocNode.m in Sources */,
				01B708DE12B6F25B00C0A93A /* Document.m in Sources */,
				01B708DF12B6F25B00C0A93A /* FrameworkClass.m in Sources */,
				01B708E012B6F25B00C0A93A /* FrameworkDefinition.m in Sources */,
				01B708E112B6F25B00C0A93A /* FrameworkManager.m in Sources */,
				01B708E212B6F25B00C0A93A /* GCb2Circle.m in Sources */,
				01B708E312B6F25B00C0A93A /* GCb2Rect.m in Sources */,
				01B708E412B6F25B00C0A93A /* GCb2Types.m in Sources */,
				01B708E512B6F25B00C0A93A /* GCTabController.m in Sources */,
				01B708E612B6F25B00C0A93A /* GraphicsCocos2dAppDelegate.m in Sources */,
				01B708E712B6F25B00C0A93A /* GridDrawObject.m in Sources */,
				01B708E812B6F25B00C0A93A /* GridLayer.m in Sources */,
				01B708E912B6F25B00C0A93A /* ImageAndTextCell.m in Sources */,
				01B708EA12B6F25B00C0A93A /* MyWindowController.m in Sources */,
				01B708EB12B6F25B00C0A93A /* NSArray_Extensions.m in Sources */,
				01B708EC12B6F25B00C0A93A /* PhysicsGrid.m in Sources */,
				01B708ED12B6F25B00C0A93A /* PhysicsGroup.m in Sources */,
				01B708EE12B6F25B00C0A93A /* PhysicsObject.m in Sources */,
				01B708EF12B6F25B00C0A93A /* RulerLayer.m in Sources */,
				01B708F012B6F25B00C0A93A /* SeparatorCell.m in Sources */,
				01B708F112B6F25B00C0A93A /* SKTFoundationExtras.m in Sources */,
				01B708F212B6F25B00C0A93A /* TrackingArea.m in Sources */,
				01B708F312B6F25B00C0A93A /* TreeController.m in Sources */,
				01B708F412B6F25B00C0A93A /* WorkspaceObject.m in Sources */,
			);
			runOnlyForDeploymentPostprocessing = 0;
		};
/* End PBXSourcesBuildPhase section */

/* Begin PBXVariantGroup section */
		01CE4A7712B6F6A3002FE649 /* InfoPlist.strings */ = {
			isa = PBXVariantGroup;
			children = (
				01CE4A7812B6F6A3002FE649 /* en */,
			);
			name = InfoPlist.strings;
			sourceTree = "<group>";
		};
		01CE4A7C12B6F6A4002FE649 /* MainMenu.xib */ = {
			isa = PBXVariantGroup;
			children = (
				01CE4A7D12B6F6A4002FE649 /* en */,
			);
			name = MainMenu.xib;
			sourceTree = "<group>";
		};
		01CE4A7F12B6F6A4002FE649 /* Credits.rtf */ = {
			isa = PBXVariantGroup;
			children = (
				01CE4A8012B6F6A4002FE649 /* en */,
			);
			name = Credits.rtf;
			sourceTree = "<group>";
		};
/* End PBXVariantGroup section */

/* Begin XCBuildConfiguration section */
		012C537112B5AFCD00B39BBC /* Debug */ = {
			isa = XCBuildConfiguration;
			buildSettings = {
			};
			name = Debug;
		};
		012C537212B5AFCD00B39BBC /* Release */ = {
			isa = XCBuildConfiguration;
			buildSettings = {
			};
			name = Release;
		};
		012C537312B5AFCD00B39BBC /* Debug */ = {
			isa = XCBuildConfiguration;
			buildSettings = {
			};
			name = Debug;
		};
		012C537412B5AFCD00B39BBC /* Release */ = {
			isa = XCBuildConfiguration;
			buildSettings = {
			};
			name = Release;
		};
		0133572412B5D65E00A3E102 /* Debug */ = {
			isa = XCBuildConfiguration;
			buildSettings = {
			};
			name = Debug;
		};
		0133572512B5D65E00A3E102 /* Release */ = {
			isa = XCBuildConfiguration;
			buildSettings = {
			};
			name = Release;
		};
		0133572612B5D65E00A3E102 /* Debug */ = {
			isa = XCBuildConfiguration;
			buildSettings = {
			};
			name = Debug;
		};
		0133572712B5D65E00A3E102 /* Release */ = {
			isa = XCBuildConfiguration;
			buildSettings = {
			};
			name = Release;
		};
		01B7082612B6EA2D00C0A93A /* Debug */ = {
			isa = XCBuildConfiguration;
			buildSettings = {
			};
			name = Debug;
		};
		01B7082712B6EA2D00C0A93A /* Release */ = {
			isa = XCBuildConfiguration;
			buildSettings = {
			};
			name = Release;
		};
		01B7085312B6EC4600C0A93A /* Debug */ = {
			isa = XCBuildConfiguration;
			buildSettings = {
			};
			name = Debug;
		};
		01B7085412B6EC4600C0A93A /* Release */ = {
			isa = XCBuildConfiguration;
			buildSettings = {
			};
			name = Release;
		};
		01B7087812B6EC6A00C0A93A /* Debug */ = {
			isa = XCBuildConfiguration;
			buildSettings = {
			};
			name = Debug;
		};
		01B7087912B6EC6A00C0A93A /* Release */ = {
			isa = XCBuildConfiguration;
			buildSettings = {
			};
			name = Release;
		};
		01B7090912B6F26900C0A93A /* Debug */ = {
			isa = XCBuildConfiguration;
			buildSettings = {
			};
			name = Debug;
		};
		01B7090A12B6F26900C0A93A /* Release */ = {
			isa = XCBuildConfiguration;
			buildSettings = {
			};
			name = Release;
		};
		01B7093512B6F2C700C0A93A /* Debug */ = {
			isa = XCBuildConfiguration;
			buildSettings = {
			};
			name = Debug;
		};
		01B7093612B6F2C700C0A93A /* Release */ = {
			isa = XCBuildConfiguration;
			buildSettings = {
			};
			name = Release;
		};
		01CE4A8512B6F6A4002FE649 /* Debug */ = {
			isa = XCBuildConfiguration;
			buildSettings = {
			};
			name = Debug;
		};
		01CE4A8612B6F6A4002FE649 /* Release */ = {
			isa = XCBuildConfiguration;
			buildSettings = {
			};
			name = Release;
		};
		01CE4A8812B6F6A4002FE649 /* Debug */ = {
			isa = XCBuildConfiguration;
			buildSettings = {
				ALWAYS_SEARCH_USER_PATHS = NO;
				ARCHS = "$(ARCHS_STANDARD_32_64_BIT)";
				COPY_PHASE_STRIP = NO;
				GCC_DYNAMIC_NO_PIC = NO;
				GCC_ENABLE_OBJC_EXCEPTIONS = YES;
				GCC_PRECOMPILE_PREFIX_HEADER = YES;
				GCC_PREFIX_HEADER = "Tests-Prefix.pch";
				GCC_PREPROCESSOR_DEFINITIONS = DEBUG;
				INFOPLIST_FILE = "Tests-Info.plist";
				INSTALL_PATH = "$(HOME)/Applications";
				MACOSX_DEPLOYMENT_TARGET = 10.6;
				PRODUCT_NAME = "$(TARGET_NAME)";
				SDKROOT = "";
				WRAPPER_EXTENSION = app;
			};
			name = Debug;
		};
		01CE4A8912B6F6A4002FE649 /* Release */ = {
			isa = XCBuildConfiguration;
			buildSettings = {
				ALWAYS_SEARCH_USER_PATHS = NO;
				ARCHS = "$(ARCHS_STANDARD_32_64_BIT)";
				COPY_PHASE_STRIP = YES;
				DEBUG_INFORMATION_FORMAT = "dwarf-with-dsym";
				GCC_ENABLE_OBJC_EXCEPTIONS = YES;
				GCC_PRECOMPILE_PREFIX_HEADER = YES;
				GCC_PREFIX_HEADER = "Tests-Prefix.pch";
				INFOPLIST_FILE = "Tests-Info.plist";
				INSTALL_PATH = "$(HOME)/Applications";
				MACOSX_DEPLOYMENT_TARGET = 10.6;
				PRODUCT_NAME = "$(TARGET_NAME)";
				SDKROOT = "";
				WRAPPER_EXTENSION = app;
			};
			name = Release;
		};
		01CE4A8A12B6F6A4002FE649 /* Debug */ = {
			isa = XCBuildConfiguration;
			buildSettings = {
				COPY_PHASE_STRIP = NO;
				GCC_DYNAMIC_NO_PIC = NO;
				GCC_OPTIMIZATION_LEVEL = 0;
				PRODUCT_NAME = Tests;
			};
			name = Debug;
		};
		01CE4A8B12B6F6A4002FE649 /* Release */ = {
			isa = XCBuildConfiguration;
			buildSettings = {
				COPY_PHASE_STRIP = YES;
				DEBUG_INFORMATION_FORMAT = "dwarf-with-dsym";
				PRODUCT_NAME = Tests;
			};
			name = Release;
		};
		01CE4A8C12B6F6A4002FE649 /* Debug */ = {
			isa = XCBuildConfiguration;
			buildSettings = {
				COPY_PHASE_STRIP = NO;
				GCC_DYNAMIC_NO_PIC = NO;
				GCC_OPTIMIZATION_LEVEL = 0;
				PRODUCT_NAME = Tests;
			};
			name = Debug;
		};
		01CE4A8D12B6F6A4002FE649 /* Release */ = {
			isa = XCBuildConfiguration;
			buildSettings = {
				COPY_PHASE_STRIP = YES;
				DEBUG_INFORMATION_FORMAT = "dwarf-with-dsym";
				PRODUCT_NAME = Tests;
			};
			name = Release;
		};
		01CE4A8E12B6F6A4002FE649 /* Debug */ = {
			isa = XCBuildConfiguration;
			buildSettings = {
				COPY_PHASE_STRIP = NO;
				GCC_DYNAMIC_NO_PIC = NO;
				GCC_OPTIMIZATION_LEVEL = 0;
				PRODUCT_NAME = Tests;
			};
			name = Debug;
		};
		01CE4A8F12B6F6A4002FE649 /* Release */ = {
			isa = XCBuildConfiguration;
			buildSettings = {
				COPY_PHASE_STRIP = YES;
				DEBUG_INFORMATION_FORMAT = "dwarf-with-dsym";
				PRODUCT_NAME = Tests;
			};
			name = Release;
		};
		01CE4A9012B6F6A4002FE649 /* Debug */ = {
			isa = XCBuildConfiguration;
			buildSettings = {
				COPY_PHASE_STRIP = NO;
				GCC_DYNAMIC_NO_PIC = NO;
				GCC_OPTIMIZATION_LEVEL = 0;
				PRODUCT_NAME = Tests;
			};
			name = Debug;
		};
		01CE4A9112B6F6A4002FE649 /* Release */ = {
			isa = XCBuildConfiguration;
			buildSettings = {
				COPY_PHASE_STRIP = YES;
				DEBUG_INFORMATION_FORMAT = "dwarf-with-dsym";
				PRODUCT_NAME = Tests;
			};
			name = Release;
		};
		01CE4A9212B6F6A4002FE649 /* Debug */ = {
			isa = XCBuildConfiguration;
			buildSettings = {
				COPY_PHASE_STRIP = NO;
				GCC_DYNAMIC_NO_PIC = NO;
				GCC_OPTIMIZATION_LEVEL = 0;
				PRODUCT_NAME = Tests;
			};
			name = Debug;
		};
		01CE4A9312B6F6A4002FE649 /* Release */ = {
			isa = XCBuildConfiguration;
			buildSettings = {
				COPY_PHASE_STRIP = YES;
				DEBUG_INFORMATION_FORMAT = "dwarf-with-dsym";
				PRODUCT_NAME = Tests;
			};
			name = Release;
		};
		01CE4A9412B6F6A4002FE649 /* Debug */ = {
			isa = XCBuildConfiguration;
			buildSettings = {
				COPY_PHASE_STRIP = NO;
				GCC_DYNAMIC_NO_PIC = NO;
				GCC_OPTIMIZATION_LEVEL = 0;
				PRODUCT_NAME = Tests;
			};
			name = Debug;
		};
		01CE4A9512B6F6A4002FE649 /* Release */ = {
			isa = XCBuildConfiguration;
			buildSettings = {
				COPY_PHASE_STRIP = YES;
				DEBUG_INFORMATION_FORMAT = "dwarf-with-dsym";
				PRODUCT_NAME = Tests;
			};
			name = Release;
		};
		01CE4A9612B6F6A4002FE649 /* Debug */ = {
			isa = XCBuildConfiguration;
			buildSettings = {
				COPY_PHASE_STRIP = NO;
				GCC_DYNAMIC_NO_PIC = NO;
				GCC_OPTIMIZATION_LEVEL = 0;
				PRODUCT_NAME = Tests;
			};
			name = Debug;
		};
		01CE4A9712B6F6A4002FE649 /* Release */ = {
			isa = XCBuildConfiguration;
			buildSettings = {
				COPY_PHASE_STRIP = YES;
				DEBUG_INFORMATION_FORMAT = "dwarf-with-dsym";
				PRODUCT_NAME = Tests;
			};
			name = Release;
		};
		01CE4A9812B6F6A4002FE649 /* Debug */ = {
			isa = XCBuildConfiguration;
			buildSettings = {
				COPY_PHASE_STRIP = NO;
				GCC_DYNAMIC_NO_PIC = NO;
				GCC_OPTIMIZATION_LEVEL = 0;
				PRODUCT_NAME = Tests;
			};
			name = Debug;
		};
		01CE4A9912B6F6A4002FE649 /* Release */ = {
			isa = XCBuildConfiguration;
			buildSettings = {
				COPY_PHASE_STRIP = YES;
				DEBUG_INFORMATION_FORMAT = "dwarf-with-dsym";
				PRODUCT_NAME = Tests;
			};
			name = Release;
		};
		01CE4A9A12B6F6A4002FE649 /* Debug */ = {
			isa = XCBuildConfiguration;
			buildSettings = {
				COPY_PHASE_STRIP = NO;
				GCC_DYNAMIC_NO_PIC = NO;
				GCC_OPTIMIZATION_LEVEL = 0;
				PRODUCT_NAME = Tests;
			};
			name = Debug;
		};
		01CE4A9B12B6F6A4002FE649 /* Release */ = {
			isa = XCBuildConfiguration;
			buildSettings = {
				COPY_PHASE_STRIP = YES;
				DEBUG_INFORMATION_FORMAT = "dwarf-with-dsym";
				PRODUCT_NAME = Tests;
			};
			name = Release;
		};
		01CE4A9C12B6F6A4002FE649 /* Debug */ = {
			isa = XCBuildConfiguration;
			buildSettings = {
				COPY_PHASE_STRIP = NO;
				GCC_DYNAMIC_NO_PIC = NO;
				GCC_OPTIMIZATION_LEVEL = 0;
				PRODUCT_NAME = Tests;
			};
			name = Debug;
		};
		01CE4A9D12B6F6A4002FE649 /* Release */ = {
			isa = XCBuildConfiguration;
			buildSettings = {
				COPY_PHASE_STRIP = YES;
				DEBUG_INFORMATION_FORMAT = "dwarf-with-dsym";
				PRODUCT_NAME = Tests;
			};
			name = Release;
		};
		C01FCF4B08A954540054247B /* Debug */ = {
			isa = XCBuildConfiguration;
			buildSettings = {
				ALWAYS_SEARCH_USER_PATHS = NO;
				COPY_PHASE_STRIP = NO;
				FRAMEWORK_SEARCH_PATHS = "$(inherited)";
				GCC_DYNAMIC_NO_PIC = NO;
				GCC_ENABLE_FIX_AND_CONTINUE = YES;
				GCC_MODEL_TUNING = G5;
				GCC_OPTIMIZATION_LEVEL = 0;
				GCC_PRECOMPILE_PREFIX_HEADER = YES;
				GCC_PREFIX_HEADER = GraphicsCocos2d_Prefix.pch;
				INFOPLIST_FILE = "GraphicsCocos2d-Info.plist";
				INSTALL_PATH = "$(HOME)/Applications";
				LIBRARY_SEARCH_PATHS = "$(inherited)";
				MACOSX_DEPLOYMENT_TARGET = 10.6;
				PRODUCT_NAME = GraphicsCocos2d;
				VALID_ARCHS = "i386 ppc ppc64 ppc7400 ppc970 x86_64 x86_32";
			};
			name = Debug;
		};
		C01FCF4C08A954540054247B /* Release */ = {
			isa = XCBuildConfiguration;
			buildSettings = {
				ALWAYS_SEARCH_USER_PATHS = NO;
				DEBUG_INFORMATION_FORMAT = "dwarf-with-dsym";
				FRAMEWORK_SEARCH_PATHS = "$(inherited)";
				GCC_MODEL_TUNING = G5;
				GCC_PRECOMPILE_PREFIX_HEADER = YES;
				GCC_PREFIX_HEADER = GraphicsCocos2d_Prefix.pch;
				INFOPLIST_FILE = "GraphicsCocos2d-Info.plist";
				INSTALL_PATH = "$(HOME)/Applications";
				LIBRARY_SEARCH_PATHS = "$(inherited)";
				MACOSX_DEPLOYMENT_TARGET = 10.6;
				PRODUCT_NAME = GraphicsCocos2d;
				VALID_ARCHS = "i386 ppc ppc64 ppc7400 ppc970 x86_64 x86_32";
			};
			name = Release;
		};
		C01FCF4F08A954540054247B /* Debug */ = {
			isa = XCBuildConfiguration;
			buildSettings = {
				ARCHS = "$(ARCHS_STANDARD_32_64_BIT)";
				GCC_C_LANGUAGE_STANDARD = gnu99;
				GCC_OPTIMIZATION_LEVEL = 0;
				GCC_VERSION = "";
				GCC_WARN_ABOUT_RETURN_TYPE = YES;
				GCC_WARN_UNUSED_VARIABLE = YES;
				ONLY_ACTIVE_ARCH = YES;
				PREBINDING = NO;
				SDKROOT = "";
				VALID_ARCHS = "i386 ppc ppc64 ppc7400 ppc970 x86_64 x86_32";
			};
			name = Debug;
		};
		C01FCF5008A954540054247B /* Release */ = {
			isa = XCBuildConfiguration;
			buildSettings = {
				ARCHS = "$(ARCHS_STANDARD_32_64_BIT)";
				GCC_C_LANGUAGE_STANDARD = gnu99;
				GCC_VERSION = "";
				GCC_WARN_ABOUT_RETURN_TYPE = YES;
				GCC_WARN_UNUSED_VARIABLE = YES;
				PREBINDING = NO;
				SDKROOT = "";
				VALID_ARCHS = "i386 ppc ppc64 ppc7400 ppc970 x86_64 x86_32";
			};
			name = Release;
		};
/* End XCBuildConfiguration section */

/* Begin XCConfigurationList section */
		01CE4A8712B6F6A4002FE649 /* Build configuration list for PBXNativeTarget "Tests" */ = {
			isa = XCConfigurationList;
			buildConfigurations = (
				01CE4A8812B6F6A4002FE649 /* Debug */,
				01CE4A8912B6F6A4002FE649 /* Release */,
				01CE4A8A12B6F6A4002FE649 /* Debug */,
				01CE4A8B12B6F6A4002FE649 /* Release */,
				01CE4A8C12B6F6A4002FE649 /* Debug */,
				01CE4A8D12B6F6A4002FE649 /* Release */,
				01CE4A8E12B6F6A4002FE649 /* Debug */,
				01CE4A8F12B6F6A4002FE649 /* Release */,
				01CE4A9012B6F6A4002FE649 /* Debug */,
				01CE4A9112B6F6A4002FE649 /* Release */,
				01CE4A9212B6F6A4002FE649 /* Debug */,
				01CE4A9312B6F6A4002FE649 /* Release */,
				01CE4A9412B6F6A4002FE649 /* Debug */,
				01CE4A9512B6F6A4002FE649 /* Release */,
				01CE4A9612B6F6A4002FE649 /* Debug */,
				01CE4A9712B6F6A4002FE649 /* Release */,
				01CE4A9812B6F6A4002FE649 /* Debug */,
				01CE4A9912B6F6A4002FE649 /* Release */,
				01CE4A9A12B6F6A4002FE649 /* Debug */,
				01CE4A9B12B6F6A4002FE649 /* Release */,
				01CE4A9C12B6F6A4002FE649 /* Debug */,
				01CE4A9D12B6F6A4002FE649 /* Release */,
			);
			defaultConfigurationIsVisible = 0;
			defaultConfigurationName = Release;
		};
		C01FCF4A08A954540054247B /* Build configuration list for PBXNativeTarget "GraphicsCocos2d" */ = {
			isa = XCConfigurationList;
			buildConfigurations = (
				C01FCF4B08A954540054247B /* Debug */,
				C01FCF4C08A954540054247B /* Release */,
			);
			defaultConfigurationIsVisible = 0;
			defaultConfigurationName = Release;
		};
		C01FCF4E08A954540054247B /* Build configuration list for PBXProject "GraphicsCocos2d" */ = {
			isa = XCConfigurationList;
			buildConfigurations = (
				C01FCF4F08A954540054247B /* Debug */,
				C01FCF5008A954540054247B /* Release */,
				012C537112B5AFCD00B39BBC /* Debug */,
				012C537212B5AFCD00B39BBC /* Release */,
				012C537312B5AFCD00B39BBC /* Debug */,
				012C537412B5AFCD00B39BBC /* Release */,
				0133572412B5D65E00A3E102 /* Debug */,
				0133572512B5D65E00A3E102 /* Release */,
				0133572612B5D65E00A3E102 /* Debug */,
				0133572712B5D65E00A3E102 /* Release */,
				01B7082612B6EA2D00C0A93A /* Debug */,
				01B7082712B6EA2D00C0A93A /* Release */,
				01B7085312B6EC4600C0A93A /* Debug */,
				01B7085412B6EC4600C0A93A /* Release */,
				01B7087812B6EC6A00C0A93A /* Debug */,
				01B7087912B6EC6A00C0A93A /* Release */,
				01B7090912B6F26900C0A93A /* Debug */,
				01B7090A12B6F26900C0A93A /* Release */,
				01B7093512B6F2C700C0A93A /* Debug */,
				01B7093612B6F2C700C0A93A /* Release */,
				01CE4A8512B6F6A4002FE649 /* Debug */,
				01CE4A8612B6F6A4002FE649 /* Release */,
			);
			defaultConfigurationIsVisible = 0;
			defaultConfigurationName = Release;
		};
/* End XCConfigurationList section */
	};
	rootObject = 29B97313FDCFA39411CA2CEA /* Project object */;
}
